
Microsoft Visual Studio Solution File, Format Version 12.00
# Visual Studio 2012
Project("{FAE04EC0-301F-11D3-BF4B-00C04F79EFBC}") = "GraupelWin", "Graupel\GraupelWin.csproj", "{28A9AE12-A162-4795-B930-B25EDAEE11AF}"
EndProject
Project("{FAE04EC0-301F-11D3-BF4B-00C04F79EFBC}") = "GraupelWP8", "Graupel\GraupelWP8.csproj", "{A73C7C01-8A68-43B8-95DA-43278AC56160}"
EndProject
Project("{FAE04EC0-301F-11D3-BF4B-00C04F79EFBC}") = "HailWin", "Hail\HailWin.csproj", "{1D627CC6-DE79-48DA-9C1B-9F4662B2FEF7}"
	ProjectSection(ProjectDependencies) = postProject
		{B7B8B679-9D81-4D9F-B788-C9E405E780C7} = {B7B8B679-9D81-4D9F-B788-C9E405E780C7}
	EndProjectSection
EndProject
Project("{FAE04EC0-301F-11D3-BF4B-00C04F79EFBC}") = "HailWP8", "Hail\HailWP8.csproj", "{F09783D0-F2AD-440F-984E-A3941165B36B}"
	ProjectSection(ProjectDependencies) = postProject
		{B7B8B679-9D81-4D9F-B788-C9E405E780C7} = {B7B8B679-9D81-4D9F-B788-C9E405E780C7}
	EndProjectSection
EndProject
Project("{FAE04EC0-301F-11D3-BF4B-00C04F79EFBC}") = "HailPipelineExtensions", "HailPipelineExtensions\HailPipelineExtensions.csproj", "{B7B8B679-9D81-4D9F-B788-C9E405E780C7}"
EndProject
Project("{FAE04EC0-301F-11D3-BF4B-00C04F79EFBC}") = "HailWin8", "Hail\HailWin8.csproj", "{58DB4CDD-472D-48A7-B3BE-358BA4B98C5A}"
	ProjectSection(ProjectDependencies) = postProject
		{B7B8B679-9D81-4D9F-B788-C9E405E780C7} = {B7B8B679-9D81-4D9F-B788-C9E405E780C7}
	EndProjectSection
EndProject
Project("{FAE04EC0-301F-11D3-BF4B-00C04F79EFBC}") = "GraupelWin8", "Graupel\GraupelWin8.csproj", "{F260C93D-CE85-4EC0-AB3D-8E18F59BDA8F}"
EndProject
Project("{FAE04EC0-301F-11D3-BF4B-00C04F79EFBC}") = "Artemis", "artemis_CSharp-master\Artemis_XNA_INDEPENDENT\Artemis.csproj", "{22C89AF2-E1CF-4976-91B9-7D33773DC6E7}"
EndProject
Project("{FAE04EC0-301F-11D3-BF4B-00C04F79EFBC}") = "ArtemisWS", "artemis_CSharp-master\Artemis_WindowsStore\ArtemisWS.csproj", "{462418AB-8B59-42C2-ADE4-956F94B31768}"
EndProject
Project("{FAE04EC0-301F-11D3-BF4B-00C04F79EFBC}") = "Artemis_Phone7", "artemis_CSharp-master\Artemis_Phone7\Artemis_Phone7.csproj", "{9FEEB631-277E-404E-B95D-49B1F4F0A2F3}"
EndProject
Project("{FAE04EC0-301F-11D3-BF4B-00C04F79EFBC}") = "HailContentLib", "HailContent\HailContentLib.csproj", "{16CEBBBB-7621-44C7-8FFD-E6E7AC269474}"
EndProject
Project("{FAE04EC0-301F-11D3-BF4B-00C04F79EFBC}") = "HailContent", "HailContent\HailContent.contentproj", "{52DEEC48-08C0-4EF7-92A4-1223AFB49E6F}"
EndProject
Global
	GlobalSection(SolutionConfigurationPlatforms) = preSolution
		Android|Any CPU = Android|Any CPU
		Android|ARM = Android|ARM
		Android|Mixed Platforms = Android|Mixed Platforms
		Android|Windows Phone = Android|Windows Phone
		Android|x86 = Android|x86
		Debug|Any CPU = Debug|Any CPU
		Debug|ARM = Debug|ARM
		Debug|Mixed Platforms = Debug|Mixed Platforms
		Debug|Windows Phone = Debug|Windows Phone
		Debug|x86 = Debug|x86
		iOS|Any CPU = iOS|Any CPU
		iOS|ARM = iOS|ARM
		iOS|Mixed Platforms = iOS|Mixed Platforms
		iOS|Windows Phone = iOS|Windows Phone
		iOS|x86 = iOS|x86
		Linux|Any CPU = Linux|Any CPU
		Linux|ARM = Linux|ARM
		Linux|Mixed Platforms = Linux|Mixed Platforms
		Linux|Windows Phone = Linux|Windows Phone
		Linux|x86 = Linux|x86
		OSX|Any CPU = OSX|Any CPU
		OSX|ARM = OSX|ARM
		OSX|Mixed Platforms = OSX|Mixed Platforms
		OSX|Windows Phone = OSX|Windows Phone
		OSX|x86 = OSX|x86
		PSM|Any CPU = PSM|Any CPU
		PSM|ARM = PSM|ARM
		PSM|Mixed Platforms = PSM|Mixed Platforms
		PSM|Windows Phone = PSM|Windows Phone
		PSM|x86 = PSM|x86
		Release|Any CPU = Release|Any CPU
		Release|ARM = Release|ARM
		Release|Mixed Platforms = Release|Mixed Platforms
		Release|Windows Phone = Release|Windows Phone
		Release|x86 = Release|x86
		Windows|Any CPU = Windows|Any CPU
		Windows|ARM = Windows|ARM
		Windows|Mixed Platforms = Windows|Mixed Platforms
		Windows|Windows Phone = Windows|Windows Phone
		Windows|x86 = Windows|x86
		Windows8|Any CPU = Windows8|Any CPU
		Windows8|ARM = Windows8|ARM
		Windows8|Mixed Platforms = Windows8|Mixed Platforms
		Windows8|Windows Phone = Windows8|Windows Phone
		Windows8|x86 = Windows8|x86
	EndGlobalSection
	GlobalSection(ProjectConfigurationPlatforms) = postSolution
		{28A9AE12-A162-4795-B930-B25EDAEE11AF}.Android|Any CPU.ActiveCfg = Release|Any CPU
		{28A9AE12-A162-4795-B930-B25EDAEE11AF}.Android|Any CPU.Build.0 = Release|Any CPU
		{28A9AE12-A162-4795-B930-B25EDAEE11AF}.Android|ARM.ActiveCfg = Debug|Any CPU
		{28A9AE12-A162-4795-B930-B25EDAEE11AF}.Android|Mixed Platforms.ActiveCfg = Debug|x86
		{28A9AE12-A162-4795-B930-B25EDAEE11AF}.Android|Mixed Platforms.Build.0 = Debug|x86
		{28A9AE12-A162-4795-B930-B25EDAEE11AF}.Android|Windows Phone.ActiveCfg = Debug|Any CPU
		{28A9AE12-A162-4795-B930-B25EDAEE11AF}.Android|x86.ActiveCfg = Release|x86
		{28A9AE12-A162-4795-B930-B25EDAEE11AF}.Android|x86.Build.0 = Release|x86
		{28A9AE12-A162-4795-B930-B25EDAEE11AF}.Debug|Any CPU.ActiveCfg = Debug|Any CPU
		{28A9AE12-A162-4795-B930-B25EDAEE11AF}.Debug|Any CPU.Build.0 = Debug|Any CPU
		{28A9AE12-A162-4795-B930-B25EDAEE11AF}.Debug|ARM.ActiveCfg = Debug|Any CPU
		{28A9AE12-A162-4795-B930-B25EDAEE11AF}.Debug|Mixed Platforms.ActiveCfg = Debug|Any CPU
		{28A9AE12-A162-4795-B930-B25EDAEE11AF}.Debug|Mixed Platforms.Build.0 = Debug|Any CPU
		{28A9AE12-A162-4795-B930-B25EDAEE11AF}.Debug|Windows Phone.ActiveCfg = Debug|Any CPU
		{28A9AE12-A162-4795-B930-B25EDAEE11AF}.Debug|x86.ActiveCfg = Debug|x86
		{28A9AE12-A162-4795-B930-B25EDAEE11AF}.iOS|Any CPU.ActiveCfg = Release|Any CPU
		{28A9AE12-A162-4795-B930-B25EDAEE11AF}.iOS|Any CPU.Build.0 = Release|Any CPU
		{28A9AE12-A162-4795-B930-B25EDAEE11AF}.iOS|ARM.ActiveCfg = Debug|Any CPU
		{28A9AE12-A162-4795-B930-B25EDAEE11AF}.iOS|Mixed Platforms.ActiveCfg = Debug|x86
		{28A9AE12-A162-4795-B930-B25EDAEE11AF}.iOS|Mixed Platforms.Build.0 = Debug|x86
		{28A9AE12-A162-4795-B930-B25EDAEE11AF}.iOS|Windows Phone.ActiveCfg = Debug|Any CPU
		{28A9AE12-A162-4795-B930-B25EDAEE11AF}.iOS|x86.ActiveCfg = Release|x86
		{28A9AE12-A162-4795-B930-B25EDAEE11AF}.iOS|x86.Build.0 = Release|x86
		{28A9AE12-A162-4795-B930-B25EDAEE11AF}.Linux|Any CPU.ActiveCfg = Release|Any CPU
		{28A9AE12-A162-4795-B930-B25EDAEE11AF}.Linux|Any CPU.Build.0 = Release|Any CPU
		{28A9AE12-A162-4795-B930-B25EDAEE11AF}.Linux|ARM.ActiveCfg = Debug|Any CPU
		{28A9AE12-A162-4795-B930-B25EDAEE11AF}.Linux|Mixed Platforms.ActiveCfg = Debug|x86
		{28A9AE12-A162-4795-B930-B25EDAEE11AF}.Linux|Mixed Platforms.Build.0 = Debug|x86
		{28A9AE12-A162-4795-B930-B25EDAEE11AF}.Linux|Windows Phone.ActiveCfg = Debug|Any CPU
		{28A9AE12-A162-4795-B930-B25EDAEE11AF}.Linux|x86.ActiveCfg = Release|x86
		{28A9AE12-A162-4795-B930-B25EDAEE11AF}.Linux|x86.Build.0 = Release|x86
		{28A9AE12-A162-4795-B930-B25EDAEE11AF}.OSX|Any CPU.ActiveCfg = Release|Any CPU
		{28A9AE12-A162-4795-B930-B25EDAEE11AF}.OSX|Any CPU.Build.0 = Release|Any CPU
		{28A9AE12-A162-4795-B930-B25EDAEE11AF}.OSX|ARM.ActiveCfg = Debug|Any CPU
		{28A9AE12-A162-4795-B930-B25EDAEE11AF}.OSX|Mixed Platforms.ActiveCfg = Debug|x86
		{28A9AE12-A162-4795-B930-B25EDAEE11AF}.OSX|Mixed Platforms.Build.0 = Debug|x86
		{28A9AE12-A162-4795-B930-B25EDAEE11AF}.OSX|Windows Phone.ActiveCfg = Debug|Any CPU
		{28A9AE12-A162-4795-B930-B25EDAEE11AF}.OSX|x86.ActiveCfg = Release|x86
		{28A9AE12-A162-4795-B930-B25EDAEE11AF}.OSX|x86.Build.0 = Release|x86
		{28A9AE12-A162-4795-B930-B25EDAEE11AF}.PSM|Any CPU.ActiveCfg = Release|Any CPU
		{28A9AE12-A162-4795-B930-B25EDAEE11AF}.PSM|Any CPU.Build.0 = Release|Any CPU
		{28A9AE12-A162-4795-B930-B25EDAEE11AF}.PSM|ARM.ActiveCfg = Debug|Any CPU
		{28A9AE12-A162-4795-B930-B25EDAEE11AF}.PSM|Mixed Platforms.ActiveCfg = Debug|x86
		{28A9AE12-A162-4795-B930-B25EDAEE11AF}.PSM|Mixed Platforms.Build.0 = Debug|x86
		{28A9AE12-A162-4795-B930-B25EDAEE11AF}.PSM|Windows Phone.ActiveCfg = Debug|Any CPU
		{28A9AE12-A162-4795-B930-B25EDAEE11AF}.PSM|x86.ActiveCfg = Release|x86
		{28A9AE12-A162-4795-B930-B25EDAEE11AF}.PSM|x86.Build.0 = Release|x86
		{28A9AE12-A162-4795-B930-B25EDAEE11AF}.Release|Any CPU.ActiveCfg = Release|Any CPU
		{28A9AE12-A162-4795-B930-B25EDAEE11AF}.Release|Any CPU.Build.0 = Release|Any CPU
		{28A9AE12-A162-4795-B930-B25EDAEE11AF}.Release|ARM.ActiveCfg = Release|Any CPU
		{28A9AE12-A162-4795-B930-B25EDAEE11AF}.Release|Mixed Platforms.ActiveCfg = Release|Any CPU
		{28A9AE12-A162-4795-B930-B25EDAEE11AF}.Release|Mixed Platforms.Build.0 = Release|Any CPU
		{28A9AE12-A162-4795-B930-B25EDAEE11AF}.Release|Windows Phone.ActiveCfg = Release|Any CPU
		{28A9AE12-A162-4795-B930-B25EDAEE11AF}.Release|x86.ActiveCfg = Release|x86
		{28A9AE12-A162-4795-B930-B25EDAEE11AF}.Windows|Any CPU.ActiveCfg = Release|Any CPU
		{28A9AE12-A162-4795-B930-B25EDAEE11AF}.Windows|Any CPU.Build.0 = Release|Any CPU
		{28A9AE12-A162-4795-B930-B25EDAEE11AF}.Windows|ARM.ActiveCfg = Debug|Any CPU
		{28A9AE12-A162-4795-B930-B25EDAEE11AF}.Windows|Mixed Platforms.ActiveCfg = Debug|x86
		{28A9AE12-A162-4795-B930-B25EDAEE11AF}.Windows|Mixed Platforms.Build.0 = Debug|x86
		{28A9AE12-A162-4795-B930-B25EDAEE11AF}.Windows|Windows Phone.ActiveCfg = Debug|Any CPU
		{28A9AE12-A162-4795-B930-B25EDAEE11AF}.Windows|x86.ActiveCfg = Release|x86
		{28A9AE12-A162-4795-B930-B25EDAEE11AF}.Windows|x86.Build.0 = Release|x86
		{28A9AE12-A162-4795-B930-B25EDAEE11AF}.Windows8|Any CPU.ActiveCfg = Release|Any CPU
		{28A9AE12-A162-4795-B930-B25EDAEE11AF}.Windows8|Any CPU.Build.0 = Release|Any CPU
		{28A9AE12-A162-4795-B930-B25EDAEE11AF}.Windows8|ARM.ActiveCfg = Debug|Any CPU
		{28A9AE12-A162-4795-B930-B25EDAEE11AF}.Windows8|Mixed Platforms.ActiveCfg = Debug|x86
		{28A9AE12-A162-4795-B930-B25EDAEE11AF}.Windows8|Mixed Platforms.Build.0 = Debug|x86
		{28A9AE12-A162-4795-B930-B25EDAEE11AF}.Windows8|Windows Phone.ActiveCfg = Debug|Any CPU
		{28A9AE12-A162-4795-B930-B25EDAEE11AF}.Windows8|x86.ActiveCfg = Release|x86
		{28A9AE12-A162-4795-B930-B25EDAEE11AF}.Windows8|x86.Build.0 = Release|x86
		{A73C7C01-8A68-43B8-95DA-43278AC56160}.Android|Any CPU.ActiveCfg = Debug|x86
		{A73C7C01-8A68-43B8-95DA-43278AC56160}.Android|ARM.ActiveCfg = Debug|ARM
		{A73C7C01-8A68-43B8-95DA-43278AC56160}.Android|ARM.Build.0 = Debug|ARM
		{A73C7C01-8A68-43B8-95DA-43278AC56160}.Android|Mixed Platforms.ActiveCfg = Release|x86
		{A73C7C01-8A68-43B8-95DA-43278AC56160}.Android|Mixed Platforms.Build.0 = Release|x86
		{A73C7C01-8A68-43B8-95DA-43278AC56160}.Android|Windows Phone.ActiveCfg = Release|x86
		{A73C7C01-8A68-43B8-95DA-43278AC56160}.Android|x86.ActiveCfg = Release|x86
		{A73C7C01-8A68-43B8-95DA-43278AC56160}.Android|x86.Build.0 = Release|x86
		{A73C7C01-8A68-43B8-95DA-43278AC56160}.Debug|Any CPU.ActiveCfg = Debug|ARM
		{A73C7C01-8A68-43B8-95DA-43278AC56160}.Debug|ARM.ActiveCfg = Debug|ARM
		{A73C7C01-8A68-43B8-95DA-43278AC56160}.Debug|ARM.Build.0 = Debug|ARM
		{A73C7C01-8A68-43B8-95DA-43278AC56160}.Debug|Mixed Platforms.ActiveCfg = Debug|ARM
		{A73C7C01-8A68-43B8-95DA-43278AC56160}.Debug|Mixed Platforms.Build.0 = Debug|ARM
		{A73C7C01-8A68-43B8-95DA-43278AC56160}.Debug|Windows Phone.ActiveCfg = Debug|x86
		{A73C7C01-8A68-43B8-95DA-43278AC56160}.Debug|x86.ActiveCfg = Debug|x86
		{A73C7C01-8A68-43B8-95DA-43278AC56160}.Debug|x86.Build.0 = Debug|x86
		{A73C7C01-8A68-43B8-95DA-43278AC56160}.iOS|Any CPU.ActiveCfg = Debug|x86
		{A73C7C01-8A68-43B8-95DA-43278AC56160}.iOS|ARM.ActiveCfg = Debug|ARM
		{A73C7C01-8A68-43B8-95DA-43278AC56160}.iOS|ARM.Build.0 = Debug|ARM
		{A73C7C01-8A68-43B8-95DA-43278AC56160}.iOS|Mixed Platforms.ActiveCfg = Release|x86
		{A73C7C01-8A68-43B8-95DA-43278AC56160}.iOS|Mixed Platforms.Build.0 = Release|x86
		{A73C7C01-8A68-43B8-95DA-43278AC56160}.iOS|Windows Phone.ActiveCfg = Release|x86
		{A73C7C01-8A68-43B8-95DA-43278AC56160}.iOS|x86.ActiveCfg = Release|x86
		{A73C7C01-8A68-43B8-95DA-43278AC56160}.iOS|x86.Build.0 = Release|x86
		{A73C7C01-8A68-43B8-95DA-43278AC56160}.Linux|Any CPU.ActiveCfg = Debug|x86
		{A73C7C01-8A68-43B8-95DA-43278AC56160}.Linux|ARM.ActiveCfg = Debug|ARM
		{A73C7C01-8A68-43B8-95DA-43278AC56160}.Linux|ARM.Build.0 = Debug|ARM
		{A73C7C01-8A68-43B8-95DA-43278AC56160}.Linux|Mixed Platforms.ActiveCfg = Release|x86
		{A73C7C01-8A68-43B8-95DA-43278AC56160}.Linux|Mixed Platforms.Build.0 = Release|x86
		{A73C7C01-8A68-43B8-95DA-43278AC56160}.Linux|Windows Phone.ActiveCfg = Release|x86
		{A73C7C01-8A68-43B8-95DA-43278AC56160}.Linux|x86.ActiveCfg = Release|x86
		{A73C7C01-8A68-43B8-95DA-43278AC56160}.Linux|x86.Build.0 = Release|x86
		{A73C7C01-8A68-43B8-95DA-43278AC56160}.OSX|Any CPU.ActiveCfg = Debug|x86
		{A73C7C01-8A68-43B8-95DA-43278AC56160}.OSX|ARM.ActiveCfg = Debug|ARM
		{A73C7C01-8A68-43B8-95DA-43278AC56160}.OSX|ARM.Build.0 = Debug|ARM
		{A73C7C01-8A68-43B8-95DA-43278AC56160}.OSX|Mixed Platforms.ActiveCfg = Release|x86
		{A73C7C01-8A68-43B8-95DA-43278AC56160}.OSX|Mixed Platforms.Build.0 = Release|x86
		{A73C7C01-8A68-43B8-95DA-43278AC56160}.OSX|Windows Phone.ActiveCfg = Release|x86
		{A73C7C01-8A68-43B8-95DA-43278AC56160}.OSX|x86.ActiveCfg = Release|x86
		{A73C7C01-8A68-43B8-95DA-43278AC56160}.OSX|x86.Build.0 = Release|x86
		{A73C7C01-8A68-43B8-95DA-43278AC56160}.PSM|Any CPU.ActiveCfg = Debug|x86
		{A73C7C01-8A68-43B8-95DA-43278AC56160}.PSM|ARM.ActiveCfg = Debug|ARM
		{A73C7C01-8A68-43B8-95DA-43278AC56160}.PSM|ARM.Build.0 = Debug|ARM
		{A73C7C01-8A68-43B8-95DA-43278AC56160}.PSM|Mixed Platforms.ActiveCfg = Release|x86
		{A73C7C01-8A68-43B8-95DA-43278AC56160}.PSM|Mixed Platforms.Build.0 = Release|x86
		{A73C7C01-8A68-43B8-95DA-43278AC56160}.PSM|Windows Phone.ActiveCfg = Release|x86
		{A73C7C01-8A68-43B8-95DA-43278AC56160}.PSM|x86.ActiveCfg = Release|x86
		{A73C7C01-8A68-43B8-95DA-43278AC56160}.PSM|x86.Build.0 = Release|x86
		{A73C7C01-8A68-43B8-95DA-43278AC56160}.Release|Any CPU.ActiveCfg = Release|ARM
		{A73C7C01-8A68-43B8-95DA-43278AC56160}.Release|ARM.ActiveCfg = Release|ARM
		{A73C7C01-8A68-43B8-95DA-43278AC56160}.Release|ARM.Build.0 = Release|ARM
		{A73C7C01-8A68-43B8-95DA-43278AC56160}.Release|Mixed Platforms.ActiveCfg = Release|ARM
		{A73C7C01-8A68-43B8-95DA-43278AC56160}.Release|Mixed Platforms.Build.0 = Release|ARM
		{A73C7C01-8A68-43B8-95DA-43278AC56160}.Release|Windows Phone.ActiveCfg = Release|x86
		{A73C7C01-8A68-43B8-95DA-43278AC56160}.Release|x86.ActiveCfg = Release|x86
		{A73C7C01-8A68-43B8-95DA-43278AC56160}.Release|x86.Build.0 = Release|x86
		{A73C7C01-8A68-43B8-95DA-43278AC56160}.Windows|Any CPU.ActiveCfg = Debug|x86
		{A73C7C01-8A68-43B8-95DA-43278AC56160}.Windows|ARM.ActiveCfg = Debug|ARM
		{A73C7C01-8A68-43B8-95DA-43278AC56160}.Windows|ARM.Build.0 = Debug|ARM
		{A73C7C01-8A68-43B8-95DA-43278AC56160}.Windows|Mixed Platforms.ActiveCfg = Release|x86
		{A73C7C01-8A68-43B8-95DA-43278AC56160}.Windows|Mixed Platforms.Build.0 = Release|x86
		{A73C7C01-8A68-43B8-95DA-43278AC56160}.Windows|Windows Phone.ActiveCfg = Release|x86
		{A73C7C01-8A68-43B8-95DA-43278AC56160}.Windows|x86.ActiveCfg = Release|x86
		{A73C7C01-8A68-43B8-95DA-43278AC56160}.Windows|x86.Build.0 = Release|x86
		{A73C7C01-8A68-43B8-95DA-43278AC56160}.Windows8|Any CPU.ActiveCfg = Debug|x86
		{A73C7C01-8A68-43B8-95DA-43278AC56160}.Windows8|ARM.ActiveCfg = Debug|ARM
		{A73C7C01-8A68-43B8-95DA-43278AC56160}.Windows8|ARM.Build.0 = Debug|ARM
		{A73C7C01-8A68-43B8-95DA-43278AC56160}.Windows8|Mixed Platforms.ActiveCfg = Release|x86
		{A73C7C01-8A68-43B8-95DA-43278AC56160}.Windows8|Mixed Platforms.Build.0 = Release|x86
		{A73C7C01-8A68-43B8-95DA-43278AC56160}.Windows8|Windows Phone.ActiveCfg = Release|x86
		{A73C7C01-8A68-43B8-95DA-43278AC56160}.Windows8|x86.ActiveCfg = Release|x86
		{A73C7C01-8A68-43B8-95DA-43278AC56160}.Windows8|x86.Build.0 = Release|x86
		{1D627CC6-DE79-48DA-9C1B-9F4662B2FEF7}.Android|Any CPU.ActiveCfg = Release|Any CPU
		{1D627CC6-DE79-48DA-9C1B-9F4662B2FEF7}.Android|Any CPU.Build.0 = Release|Any CPU
		{1D627CC6-DE79-48DA-9C1B-9F4662B2FEF7}.Android|ARM.ActiveCfg = Debug|Any CPU
		{1D627CC6-DE79-48DA-9C1B-9F4662B2FEF7}.Android|Mixed Platforms.ActiveCfg = Debug|x86
		{1D627CC6-DE79-48DA-9C1B-9F4662B2FEF7}.Android|Mixed Platforms.Build.0 = Debug|x86
		{1D627CC6-DE79-48DA-9C1B-9F4662B2FEF7}.Android|Windows Phone.ActiveCfg = Debug|Any CPU
		{1D627CC6-DE79-48DA-9C1B-9F4662B2FEF7}.Android|x86.ActiveCfg = Release|x86
		{1D627CC6-DE79-48DA-9C1B-9F4662B2FEF7}.Android|x86.Build.0 = Release|x86
		{1D627CC6-DE79-48DA-9C1B-9F4662B2FEF7}.Debug|Any CPU.ActiveCfg = Debug|Any CPU
		{1D627CC6-DE79-48DA-9C1B-9F4662B2FEF7}.Debug|Any CPU.Build.0 = Debug|Any CPU
		{1D627CC6-DE79-48DA-9C1B-9F4662B2FEF7}.Debug|ARM.ActiveCfg = Debug|Any CPU
		{1D627CC6-DE79-48DA-9C1B-9F4662B2FEF7}.Debug|Mixed Platforms.ActiveCfg = Debug|Any CPU
		{1D627CC6-DE79-48DA-9C1B-9F4662B2FEF7}.Debug|Mixed Platforms.Build.0 = Debug|Any CPU
		{1D627CC6-DE79-48DA-9C1B-9F4662B2FEF7}.Debug|Windows Phone.ActiveCfg = Debug|Any CPU
		{1D627CC6-DE79-48DA-9C1B-9F4662B2FEF7}.Debug|x86.ActiveCfg = Debug|x86
		{1D627CC6-DE79-48DA-9C1B-9F4662B2FEF7}.iOS|Any CPU.ActiveCfg = Release|Any CPU
		{1D627CC6-DE79-48DA-9C1B-9F4662B2FEF7}.iOS|Any CPU.Build.0 = Release|Any CPU
		{1D627CC6-DE79-48DA-9C1B-9F4662B2FEF7}.iOS|ARM.ActiveCfg = Debug|Any CPU
		{1D627CC6-DE79-48DA-9C1B-9F4662B2FEF7}.iOS|Mixed Platforms.ActiveCfg = Debug|x86
		{1D627CC6-DE79-48DA-9C1B-9F4662B2FEF7}.iOS|Mixed Platforms.Build.0 = Debug|x86
		{1D627CC6-DE79-48DA-9C1B-9F4662B2FEF7}.iOS|Windows Phone.ActiveCfg = Debug|Any CPU
		{1D627CC6-DE79-48DA-9C1B-9F4662B2FEF7}.iOS|x86.ActiveCfg = Release|x86
		{1D627CC6-DE79-48DA-9C1B-9F4662B2FEF7}.iOS|x86.Build.0 = Release|x86
		{1D627CC6-DE79-48DA-9C1B-9F4662B2FEF7}.Linux|Any CPU.ActiveCfg = Release|Any CPU
		{1D627CC6-DE79-48DA-9C1B-9F4662B2FEF7}.Linux|Any CPU.Build.0 = Release|Any CPU
		{1D627CC6-DE79-48DA-9C1B-9F4662B2FEF7}.Linux|ARM.ActiveCfg = Debug|Any CPU
		{1D627CC6-DE79-48DA-9C1B-9F4662B2FEF7}.Linux|Mixed Platforms.ActiveCfg = Debug|x86
		{1D627CC6-DE79-48DA-9C1B-9F4662B2FEF7}.Linux|Mixed Platforms.Build.0 = Debug|x86
		{1D627CC6-DE79-48DA-9C1B-9F4662B2FEF7}.Linux|Windows Phone.ActiveCfg = Debug|Any CPU
		{1D627CC6-DE79-48DA-9C1B-9F4662B2FEF7}.Linux|x86.ActiveCfg = Release|x86
		{1D627CC6-DE79-48DA-9C1B-9F4662B2FEF7}.Linux|x86.Build.0 = Release|x86
		{1D627CC6-DE79-48DA-9C1B-9F4662B2FEF7}.OSX|Any CPU.ActiveCfg = Release|Any CPU
		{1D627CC6-DE79-48DA-9C1B-9F4662B2FEF7}.OSX|Any CPU.Build.0 = Release|Any CPU
		{1D627CC6-DE79-48DA-9C1B-9F4662B2FEF7}.OSX|ARM.ActiveCfg = Debug|Any CPU
		{1D627CC6-DE79-48DA-9C1B-9F4662B2FEF7}.OSX|Mixed Platforms.ActiveCfg = Debug|x86
		{1D627CC6-DE79-48DA-9C1B-9F4662B2FEF7}.OSX|Mixed Platforms.Build.0 = Debug|x86
		{1D627CC6-DE79-48DA-9C1B-9F4662B2FEF7}.OSX|Windows Phone.ActiveCfg = Debug|Any CPU
		{1D627CC6-DE79-48DA-9C1B-9F4662B2FEF7}.OSX|x86.ActiveCfg = Release|x86
		{1D627CC6-DE79-48DA-9C1B-9F4662B2FEF7}.OSX|x86.Build.0 = Release|x86
		{1D627CC6-DE79-48DA-9C1B-9F4662B2FEF7}.PSM|Any CPU.ActiveCfg = Release|Any CPU
		{1D627CC6-DE79-48DA-9C1B-9F4662B2FEF7}.PSM|Any CPU.Build.0 = Release|Any CPU
		{1D627CC6-DE79-48DA-9C1B-9F4662B2FEF7}.PSM|ARM.ActiveCfg = Debug|Any CPU
		{1D627CC6-DE79-48DA-9C1B-9F4662B2FEF7}.PSM|Mixed Platforms.ActiveCfg = Debug|x86
		{1D627CC6-DE79-48DA-9C1B-9F4662B2FEF7}.PSM|Mixed Platforms.Build.0 = Debug|x86
		{1D627CC6-DE79-48DA-9C1B-9F4662B2FEF7}.PSM|Windows Phone.ActiveCfg = Debug|Any CPU
		{1D627CC6-DE79-48DA-9C1B-9F4662B2FEF7}.PSM|x86.ActiveCfg = Release|x86
		{1D627CC6-DE79-48DA-9C1B-9F4662B2FEF7}.PSM|x86.Build.0 = Release|x86
		{1D627CC6-DE79-48DA-9C1B-9F4662B2FEF7}.Release|Any CPU.ActiveCfg = Release|Any CPU
		{1D627CC6-DE79-48DA-9C1B-9F4662B2FEF7}.Release|Any CPU.Build.0 = Release|Any CPU
		{1D627CC6-DE79-48DA-9C1B-9F4662B2FEF7}.Release|ARM.ActiveCfg = Release|Any CPU
		{1D627CC6-DE79-48DA-9C1B-9F4662B2FEF7}.Release|Mixed Platforms.ActiveCfg = Release|Any CPU
		{1D627CC6-DE79-48DA-9C1B-9F4662B2FEF7}.Release|Mixed Platforms.Build.0 = Release|Any CPU
		{1D627CC6-DE79-48DA-9C1B-9F4662B2FEF7}.Release|Windows Phone.ActiveCfg = Release|Any CPU
		{1D627CC6-DE79-48DA-9C1B-9F4662B2FEF7}.Release|x86.ActiveCfg = Release|x86
		{1D627CC6-DE79-48DA-9C1B-9F4662B2FEF7}.Windows|Any CPU.ActiveCfg = Release|Any CPU
		{1D627CC6-DE79-48DA-9C1B-9F4662B2FEF7}.Windows|Any CPU.Build.0 = Release|Any CPU
		{1D627CC6-DE79-48DA-9C1B-9F4662B2FEF7}.Windows|ARM.ActiveCfg = Debug|Any CPU
		{1D627CC6-DE79-48DA-9C1B-9F4662B2FEF7}.Windows|Mixed Platforms.ActiveCfg = Debug|x86
		{1D627CC6-DE79-48DA-9C1B-9F4662B2FEF7}.Windows|Mixed Platforms.Build.0 = Debug|x86
		{1D627CC6-DE79-48DA-9C1B-9F4662B2FEF7}.Windows|Windows Phone.ActiveCfg = Debug|Any CPU
		{1D627CC6-DE79-48DA-9C1B-9F4662B2FEF7}.Windows|x86.ActiveCfg = Release|x86
		{1D627CC6-DE79-48DA-9C1B-9F4662B2FEF7}.Windows|x86.Build.0 = Release|x86
		{1D627CC6-DE79-48DA-9C1B-9F4662B2FEF7}.Windows8|Any CPU.ActiveCfg = Release|Any CPU
		{1D627CC6-DE79-48DA-9C1B-9F4662B2FEF7}.Windows8|Any CPU.Build.0 = Release|Any CPU
		{1D627CC6-DE79-48DA-9C1B-9F4662B2FEF7}.Windows8|ARM.ActiveCfg = Debug|Any CPU
		{1D627CC6-DE79-48DA-9C1B-9F4662B2FEF7}.Windows8|Mixed Platforms.ActiveCfg = Debug|x86
		{1D627CC6-DE79-48DA-9C1B-9F4662B2FEF7}.Windows8|Mixed Platforms.Build.0 = Debug|x86
		{1D627CC6-DE79-48DA-9C1B-9F4662B2FEF7}.Windows8|Windows Phone.ActiveCfg = Debug|Any CPU
		{1D627CC6-DE79-48DA-9C1B-9F4662B2FEF7}.Windows8|x86.ActiveCfg = Release|x86
		{1D627CC6-DE79-48DA-9C1B-9F4662B2FEF7}.Windows8|x86.Build.0 = Release|x86
		{F09783D0-F2AD-440F-984E-A3941165B36B}.Android|Any CPU.ActiveCfg = Release|x86
		{F09783D0-F2AD-440F-984E-A3941165B36B}.Android|ARM.ActiveCfg = Debug|ARM
		{F09783D0-F2AD-440F-984E-A3941165B36B}.Android|ARM.Build.0 = Debug|ARM
		{F09783D0-F2AD-440F-984E-A3941165B36B}.Android|ARM.Deploy.0 = Debug|ARM
		{F09783D0-F2AD-440F-984E-A3941165B36B}.Android|Mixed Platforms.ActiveCfg = Debug|x86
		{F09783D0-F2AD-440F-984E-A3941165B36B}.Android|Mixed Platforms.Build.0 = Debug|x86
		{F09783D0-F2AD-440F-984E-A3941165B36B}.Android|Mixed Platforms.Deploy.0 = Debug|x86
		{F09783D0-F2AD-440F-984E-A3941165B36B}.Android|Windows Phone.ActiveCfg = Debug|x86
		{F09783D0-F2AD-440F-984E-A3941165B36B}.Android|x86.ActiveCfg = Debug|x86
		{F09783D0-F2AD-440F-984E-A3941165B36B}.Android|x86.Build.0 = Debug|x86
		{F09783D0-F2AD-440F-984E-A3941165B36B}.Android|x86.Deploy.0 = Debug|x86
		{F09783D0-F2AD-440F-984E-A3941165B36B}.Debug|Any CPU.ActiveCfg = Debug|ARM
		{F09783D0-F2AD-440F-984E-A3941165B36B}.Debug|ARM.ActiveCfg = Debug|ARM
		{F09783D0-F2AD-440F-984E-A3941165B36B}.Debug|ARM.Build.0 = Debug|ARM
		{F09783D0-F2AD-440F-984E-A3941165B36B}.Debug|ARM.Deploy.0 = Debug|ARM
		{F09783D0-F2AD-440F-984E-A3941165B36B}.Debug|Mixed Platforms.ActiveCfg = Debug|ARM
		{F09783D0-F2AD-440F-984E-A3941165B36B}.Debug|Mixed Platforms.Build.0 = Debug|ARM
		{F09783D0-F2AD-440F-984E-A3941165B36B}.Debug|Mixed Platforms.Deploy.0 = Debug|ARM
		{F09783D0-F2AD-440F-984E-A3941165B36B}.Debug|Windows Phone.ActiveCfg = Debug|x86
		{F09783D0-F2AD-440F-984E-A3941165B36B}.Debug|x86.ActiveCfg = Debug|x86
		{F09783D0-F2AD-440F-984E-A3941165B36B}.Debug|x86.Build.0 = Debug|x86
		{F09783D0-F2AD-440F-984E-A3941165B36B}.Debug|x86.Deploy.0 = Debug|x86
		{F09783D0-F2AD-440F-984E-A3941165B36B}.iOS|Any CPU.ActiveCfg = Release|x86
		{F09783D0-F2AD-440F-984E-A3941165B36B}.iOS|ARM.ActiveCfg = Debug|ARM
		{F09783D0-F2AD-440F-984E-A3941165B36B}.iOS|ARM.Build.0 = Debug|ARM
		{F09783D0-F2AD-440F-984E-A3941165B36B}.iOS|ARM.Deploy.0 = Debug|ARM
		{F09783D0-F2AD-440F-984E-A3941165B36B}.iOS|Mixed Platforms.ActiveCfg = Debug|x86
		{F09783D0-F2AD-440F-984E-A3941165B36B}.iOS|Mixed Platforms.Build.0 = Debug|x86
		{F09783D0-F2AD-440F-984E-A3941165B36B}.iOS|Mixed Platforms.Deploy.0 = Debug|x86
		{F09783D0-F2AD-440F-984E-A3941165B36B}.iOS|Windows Phone.ActiveCfg = Debug|x86
		{F09783D0-F2AD-440F-984E-A3941165B36B}.iOS|x86.ActiveCfg = Debug|x86
		{F09783D0-F2AD-440F-984E-A3941165B36B}.iOS|x86.Build.0 = Debug|x86
		{F09783D0-F2AD-440F-984E-A3941165B36B}.iOS|x86.Deploy.0 = Debug|x86
		{F09783D0-F2AD-440F-984E-A3941165B36B}.Linux|Any CPU.ActiveCfg = Release|x86
		{F09783D0-F2AD-440F-984E-A3941165B36B}.Linux|ARM.ActiveCfg = Debug|ARM
		{F09783D0-F2AD-440F-984E-A3941165B36B}.Linux|ARM.Build.0 = Debug|ARM
		{F09783D0-F2AD-440F-984E-A3941165B36B}.Linux|ARM.Deploy.0 = Debug|ARM
		{F09783D0-F2AD-440F-984E-A3941165B36B}.Linux|Mixed Platforms.ActiveCfg = Debug|x86
		{F09783D0-F2AD-440F-984E-A3941165B36B}.Linux|Mixed Platforms.Build.0 = Debug|x86
		{F09783D0-F2AD-440F-984E-A3941165B36B}.Linux|Mixed Platforms.Deploy.0 = Debug|x86
		{F09783D0-F2AD-440F-984E-A3941165B36B}.Linux|Windows Phone.ActiveCfg = Debug|x86
		{F09783D0-F2AD-440F-984E-A3941165B36B}.Linux|x86.ActiveCfg = Debug|x86
		{F09783D0-F2AD-440F-984E-A3941165B36B}.Linux|x86.Build.0 = Debug|x86
		{F09783D0-F2AD-440F-984E-A3941165B36B}.Linux|x86.Deploy.0 = Debug|x86
		{F09783D0-F2AD-440F-984E-A3941165B36B}.OSX|Any CPU.ActiveCfg = Release|x86
		{F09783D0-F2AD-440F-984E-A3941165B36B}.OSX|ARM.ActiveCfg = Debug|ARM
		{F09783D0-F2AD-440F-984E-A3941165B36B}.OSX|ARM.Build.0 = Debug|ARM
		{F09783D0-F2AD-440F-984E-A3941165B36B}.OSX|ARM.Deploy.0 = Debug|ARM
		{F09783D0-F2AD-440F-984E-A3941165B36B}.OSX|Mixed Platforms.ActiveCfg = Debug|x86
		{F09783D0-F2AD-440F-984E-A3941165B36B}.OSX|Mixed Platforms.Build.0 = Debug|x86
		{F09783D0-F2AD-440F-984E-A3941165B36B}.OSX|Mixed Platforms.Deploy.0 = Debug|x86
		{F09783D0-F2AD-440F-984E-A3941165B36B}.OSX|Windows Phone.ActiveCfg = Debug|x86
		{F09783D0-F2AD-440F-984E-A3941165B36B}.OSX|x86.ActiveCfg = Debug|x86
		{F09783D0-F2AD-440F-984E-A3941165B36B}.OSX|x86.Build.0 = Debug|x86
		{F09783D0-F2AD-440F-984E-A3941165B36B}.OSX|x86.Deploy.0 = Debug|x86
		{F09783D0-F2AD-440F-984E-A3941165B36B}.PSM|Any CPU.ActiveCfg = Release|x86
		{F09783D0-F2AD-440F-984E-A3941165B36B}.PSM|ARM.ActiveCfg = Debug|ARM
		{F09783D0-F2AD-440F-984E-A3941165B36B}.PSM|ARM.Build.0 = Debug|ARM
		{F09783D0-F2AD-440F-984E-A3941165B36B}.PSM|ARM.Deploy.0 = Debug|ARM
		{F09783D0-F2AD-440F-984E-A3941165B36B}.PSM|Mixed Platforms.ActiveCfg = Debug|x86
		{F09783D0-F2AD-440F-984E-A3941165B36B}.PSM|Mixed Platforms.Build.0 = Debug|x86
		{F09783D0-F2AD-440F-984E-A3941165B36B}.PSM|Mixed Platforms.Deploy.0 = Debug|x86
		{F09783D0-F2AD-440F-984E-A3941165B36B}.PSM|Windows Phone.ActiveCfg = Debug|x86
		{F09783D0-F2AD-440F-984E-A3941165B36B}.PSM|x86.ActiveCfg = Debug|x86
		{F09783D0-F2AD-440F-984E-A3941165B36B}.PSM|x86.Build.0 = Debug|x86
		{F09783D0-F2AD-440F-984E-A3941165B36B}.PSM|x86.Deploy.0 = Debug|x86
		{F09783D0-F2AD-440F-984E-A3941165B36B}.Release|Any CPU.ActiveCfg = Release|ARM
		{F09783D0-F2AD-440F-984E-A3941165B36B}.Release|ARM.ActiveCfg = Release|ARM
		{F09783D0-F2AD-440F-984E-A3941165B36B}.Release|ARM.Build.0 = Release|ARM
		{F09783D0-F2AD-440F-984E-A3941165B36B}.Release|ARM.Deploy.0 = Release|ARM
		{F09783D0-F2AD-440F-984E-A3941165B36B}.Release|Mixed Platforms.ActiveCfg = Release|ARM
		{F09783D0-F2AD-440F-984E-A3941165B36B}.Release|Mixed Platforms.Build.0 = Release|ARM
		{F09783D0-F2AD-440F-984E-A3941165B36B}.Release|Mixed Platforms.Deploy.0 = Release|ARM
		{F09783D0-F2AD-440F-984E-A3941165B36B}.Release|Windows Phone.ActiveCfg = Release|ARM
		{F09783D0-F2AD-440F-984E-A3941165B36B}.Release|Windows Phone.Build.0 = Release|ARM
		{F09783D0-F2AD-440F-984E-A3941165B36B}.Release|Windows Phone.Deploy.0 = Release|ARM
		{F09783D0-F2AD-440F-984E-A3941165B36B}.Release|x86.ActiveCfg = Release|x86
		{F09783D0-F2AD-440F-984E-A3941165B36B}.Release|x86.Build.0 = Release|x86
		{F09783D0-F2AD-440F-984E-A3941165B36B}.Release|x86.Deploy.0 = Release|x86
		{F09783D0-F2AD-440F-984E-A3941165B36B}.Windows|Any CPU.ActiveCfg = Release|x86
		{F09783D0-F2AD-440F-984E-A3941165B36B}.Windows|ARM.ActiveCfg = Debug|ARM
		{F09783D0-F2AD-440F-984E-A3941165B36B}.Windows|ARM.Build.0 = Debug|ARM
		{F09783D0-F2AD-440F-984E-A3941165B36B}.Windows|ARM.Deploy.0 = Debug|ARM
		{F09783D0-F2AD-440F-984E-A3941165B36B}.Windows|Mixed Platforms.ActiveCfg = Debug|x86
		{F09783D0-F2AD-440F-984E-A3941165B36B}.Windows|Mixed Platforms.Build.0 = Debug|x86
		{F09783D0-F2AD-440F-984E-A3941165B36B}.Windows|Mixed Platforms.Deploy.0 = Debug|x86
		{F09783D0-F2AD-440F-984E-A3941165B36B}.Windows|Windows Phone.ActiveCfg = Debug|x86
		{F09783D0-F2AD-440F-984E-A3941165B36B}.Windows|x86.ActiveCfg = Debug|x86
		{F09783D0-F2AD-440F-984E-A3941165B36B}.Windows|x86.Build.0 = Debug|x86
		{F09783D0-F2AD-440F-984E-A3941165B36B}.Windows|x86.Deploy.0 = Debug|x86
		{F09783D0-F2AD-440F-984E-A3941165B36B}.Windows8|Any CPU.ActiveCfg = Release|x86
		{F09783D0-F2AD-440F-984E-A3941165B36B}.Windows8|ARM.ActiveCfg = Debug|ARM
		{F09783D0-F2AD-440F-984E-A3941165B36B}.Windows8|ARM.Build.0 = Debug|ARM
		{F09783D0-F2AD-440F-984E-A3941165B36B}.Windows8|ARM.Deploy.0 = Debug|ARM
		{F09783D0-F2AD-440F-984E-A3941165B36B}.Windows8|Mixed Platforms.ActiveCfg = Debug|x86
		{F09783D0-F2AD-440F-984E-A3941165B36B}.Windows8|Mixed Platforms.Build.0 = Debug|x86
		{F09783D0-F2AD-440F-984E-A3941165B36B}.Windows8|Mixed Platforms.Deploy.0 = Debug|x86
		{F09783D0-F2AD-440F-984E-A3941165B36B}.Windows8|Windows Phone.ActiveCfg = Debug|x86
		{F09783D0-F2AD-440F-984E-A3941165B36B}.Windows8|x86.ActiveCfg = Debug|x86
		{F09783D0-F2AD-440F-984E-A3941165B36B}.Windows8|x86.Build.0 = Debug|x86
		{F09783D0-F2AD-440F-984E-A3941165B36B}.Windows8|x86.Deploy.0 = Debug|x86
		{B7B8B679-9D81-4D9F-B788-C9E405E780C7}.Android|Any CPU.ActiveCfg = Release|x86
		{B7B8B679-9D81-4D9F-B788-C9E405E780C7}.Android|Any CPU.Build.0 = Release|x86
		{B7B8B679-9D81-4D9F-B788-C9E405E780C7}.Android|ARM.ActiveCfg = Debug|x86
		{B7B8B679-9D81-4D9F-B788-C9E405E780C7}.Android|ARM.Build.0 = Debug|x86
		{B7B8B679-9D81-4D9F-B788-C9E405E780C7}.Android|Mixed Platforms.ActiveCfg = Debug|x86
		{B7B8B679-9D81-4D9F-B788-C9E405E780C7}.Android|Mixed Platforms.Build.0 = Debug|x86
		{B7B8B679-9D81-4D9F-B788-C9E405E780C7}.Android|Windows Phone.ActiveCfg = Debug|x86
		{B7B8B679-9D81-4D9F-B788-C9E405E780C7}.Android|Windows Phone.Build.0 = Debug|x86
		{B7B8B679-9D81-4D9F-B788-C9E405E780C7}.Android|x86.ActiveCfg = Debug|x86
		{B7B8B679-9D81-4D9F-B788-C9E405E780C7}.Android|x86.Build.0 = Debug|x86
		{B7B8B679-9D81-4D9F-B788-C9E405E780C7}.Debug|Any CPU.ActiveCfg = Debug|x86
		{B7B8B679-9D81-4D9F-B788-C9E405E780C7}.Debug|Any CPU.Build.0 = Debug|x86
		{B7B8B679-9D81-4D9F-B788-C9E405E780C7}.Debug|ARM.ActiveCfg = Debug|x86
		{B7B8B679-9D81-4D9F-B788-C9E405E780C7}.Debug|ARM.Build.0 = Debug|x86
		{B7B8B679-9D81-4D9F-B788-C9E405E780C7}.Debug|Mixed Platforms.ActiveCfg = Debug|x86
		{B7B8B679-9D81-4D9F-B788-C9E405E780C7}.Debug|Mixed Platforms.Build.0 = Debug|x86
		{B7B8B679-9D81-4D9F-B788-C9E405E780C7}.Debug|Windows Phone.ActiveCfg = Debug|x86
		{B7B8B679-9D81-4D9F-B788-C9E405E780C7}.Debug|Windows Phone.Build.0 = Debug|x86
		{B7B8B679-9D81-4D9F-B788-C9E405E780C7}.Debug|x86.ActiveCfg = Debug|x86
		{B7B8B679-9D81-4D9F-B788-C9E405E780C7}.Debug|x86.Build.0 = Debug|x86
		{B7B8B679-9D81-4D9F-B788-C9E405E780C7}.iOS|Any CPU.ActiveCfg = Release|x86
		{B7B8B679-9D81-4D9F-B788-C9E405E780C7}.iOS|Any CPU.Build.0 = Release|x86
		{B7B8B679-9D81-4D9F-B788-C9E405E780C7}.iOS|ARM.ActiveCfg = Debug|x86
		{B7B8B679-9D81-4D9F-B788-C9E405E780C7}.iOS|ARM.Build.0 = Debug|x86
		{B7B8B679-9D81-4D9F-B788-C9E405E780C7}.iOS|Mixed Platforms.ActiveCfg = Debug|x86
		{B7B8B679-9D81-4D9F-B788-C9E405E780C7}.iOS|Mixed Platforms.Build.0 = Debug|x86
		{B7B8B679-9D81-4D9F-B788-C9E405E780C7}.iOS|Windows Phone.ActiveCfg = Debug|x86
		{B7B8B679-9D81-4D9F-B788-C9E405E780C7}.iOS|Windows Phone.Build.0 = Debug|x86
		{B7B8B679-9D81-4D9F-B788-C9E405E780C7}.iOS|x86.ActiveCfg = Debug|x86
		{B7B8B679-9D81-4D9F-B788-C9E405E780C7}.iOS|x86.Build.0 = Debug|x86
		{B7B8B679-9D81-4D9F-B788-C9E405E780C7}.Linux|Any CPU.ActiveCfg = Release|x86
		{B7B8B679-9D81-4D9F-B788-C9E405E780C7}.Linux|Any CPU.Build.0 = Release|x86
		{B7B8B679-9D81-4D9F-B788-C9E405E780C7}.Linux|ARM.ActiveCfg = Debug|x86
		{B7B8B679-9D81-4D9F-B788-C9E405E780C7}.Linux|ARM.Build.0 = Debug|x86
		{B7B8B679-9D81-4D9F-B788-C9E405E780C7}.Linux|Mixed Platforms.ActiveCfg = Debug|x86
		{B7B8B679-9D81-4D9F-B788-C9E405E780C7}.Linux|Mixed Platforms.Build.0 = Debug|x86
		{B7B8B679-9D81-4D9F-B788-C9E405E780C7}.Linux|Windows Phone.ActiveCfg = Debug|x86
		{B7B8B679-9D81-4D9F-B788-C9E405E780C7}.Linux|Windows Phone.Build.0 = Debug|x86
		{B7B8B679-9D81-4D9F-B788-C9E405E780C7}.Linux|x86.ActiveCfg = Debug|x86
		{B7B8B679-9D81-4D9F-B788-C9E405E780C7}.Linux|x86.Build.0 = Debug|x86
		{B7B8B679-9D81-4D9F-B788-C9E405E780C7}.OSX|Any CPU.ActiveCfg = Release|x86
		{B7B8B679-9D81-4D9F-B788-C9E405E780C7}.OSX|Any CPU.Build.0 = Release|x86
		{B7B8B679-9D81-4D9F-B788-C9E405E780C7}.OSX|ARM.ActiveCfg = Debug|x86
		{B7B8B679-9D81-4D9F-B788-C9E405E780C7}.OSX|ARM.Build.0 = Debug|x86
		{B7B8B679-9D81-4D9F-B788-C9E405E780C7}.OSX|Mixed Platforms.ActiveCfg = Debug|x86
		{B7B8B679-9D81-4D9F-B788-C9E405E780C7}.OSX|Mixed Platforms.Build.0 = Debug|x86
		{B7B8B679-9D81-4D9F-B788-C9E405E780C7}.OSX|Windows Phone.ActiveCfg = Debug|x86
		{B7B8B679-9D81-4D9F-B788-C9E405E780C7}.OSX|Windows Phone.Build.0 = Debug|x86
		{B7B8B679-9D81-4D9F-B788-C9E405E780C7}.OSX|x86.ActiveCfg = Debug|x86
		{B7B8B679-9D81-4D9F-B788-C9E405E780C7}.OSX|x86.Build.0 = Debug|x86
		{B7B8B679-9D81-4D9F-B788-C9E405E780C7}.PSM|Any CPU.ActiveCfg = Release|x86
		{B7B8B679-9D81-4D9F-B788-C9E405E780C7}.PSM|Any CPU.Build.0 = Release|x86
		{B7B8B679-9D81-4D9F-B788-C9E405E780C7}.PSM|ARM.ActiveCfg = Debug|x86
		{B7B8B679-9D81-4D9F-B788-C9E405E780C7}.PSM|ARM.Build.0 = Debug|x86
		{B7B8B679-9D81-4D9F-B788-C9E405E780C7}.PSM|Mixed Platforms.ActiveCfg = Debug|x86
		{B7B8B679-9D81-4D9F-B788-C9E405E780C7}.PSM|Mixed Platforms.Build.0 = Debug|x86
		{B7B8B679-9D81-4D9F-B788-C9E405E780C7}.PSM|Windows Phone.ActiveCfg = Debug|x86
		{B7B8B679-9D81-4D9F-B788-C9E405E780C7}.PSM|Windows Phone.Build.0 = Debug|x86
		{B7B8B679-9D81-4D9F-B788-C9E405E780C7}.PSM|x86.ActiveCfg = Debug|x86
		{B7B8B679-9D81-4D9F-B788-C9E405E780C7}.PSM|x86.Build.0 = Debug|x86
		{B7B8B679-9D81-4D9F-B788-C9E405E780C7}.Release|Any CPU.ActiveCfg = Release|x86
		{B7B8B679-9D81-4D9F-B788-C9E405E780C7}.Release|Any CPU.Build.0 = Release|x86
		{B7B8B679-9D81-4D9F-B788-C9E405E780C7}.Release|ARM.ActiveCfg = Release|x86
		{B7B8B679-9D81-4D9F-B788-C9E405E780C7}.Release|ARM.Build.0 = Release|x86
		{B7B8B679-9D81-4D9F-B788-C9E405E780C7}.Release|Mixed Platforms.ActiveCfg = Release|x86
		{B7B8B679-9D81-4D9F-B788-C9E405E780C7}.Release|Mixed Platforms.Build.0 = Release|x86
		{B7B8B679-9D81-4D9F-B788-C9E405E780C7}.Release|Windows Phone.ActiveCfg = Release|x86
		{B7B8B679-9D81-4D9F-B788-C9E405E780C7}.Release|Windows Phone.Build.0 = Release|x86
		{B7B8B679-9D81-4D9F-B788-C9E405E780C7}.Release|x86.ActiveCfg = Release|x86
		{B7B8B679-9D81-4D9F-B788-C9E405E780C7}.Release|x86.Build.0 = Release|x86
		{B7B8B679-9D81-4D9F-B788-C9E405E780C7}.Windows|Any CPU.ActiveCfg = Release|x86
		{B7B8B679-9D81-4D9F-B788-C9E405E780C7}.Windows|Any CPU.Build.0 = Release|x86
		{B7B8B679-9D81-4D9F-B788-C9E405E780C7}.Windows|ARM.ActiveCfg = Debug|x86
		{B7B8B679-9D81-4D9F-B788-C9E405E780C7}.Windows|ARM.Build.0 = Debug|x86
		{B7B8B679-9D81-4D9F-B788-C9E405E780C7}.Windows|Mixed Platforms.ActiveCfg = Debug|x86
		{B7B8B679-9D81-4D9F-B788-C9E405E780C7}.Windows|Mixed Platforms.Build.0 = Debug|x86
		{B7B8B679-9D81-4D9F-B788-C9E405E780C7}.Windows|Windows Phone.ActiveCfg = Debug|x86
		{B7B8B679-9D81-4D9F-B788-C9E405E780C7}.Windows|Windows Phone.Build.0 = Debug|x86
		{B7B8B679-9D81-4D9F-B788-C9E405E780C7}.Windows|x86.ActiveCfg = Debug|x86
		{B7B8B679-9D81-4D9F-B788-C9E405E780C7}.Windows|x86.Build.0 = Debug|x86
		{B7B8B679-9D81-4D9F-B788-C9E405E780C7}.Windows8|Any CPU.ActiveCfg = Release|x86
		{B7B8B679-9D81-4D9F-B788-C9E405E780C7}.Windows8|Any CPU.Build.0 = Release|x86
		{B7B8B679-9D81-4D9F-B788-C9E405E780C7}.Windows8|ARM.ActiveCfg = Debug|x86
		{B7B8B679-9D81-4D9F-B788-C9E405E780C7}.Windows8|ARM.Build.0 = Debug|x86
		{B7B8B679-9D81-4D9F-B788-C9E405E780C7}.Windows8|Mixed Platforms.ActiveCfg = Debug|x86
		{B7B8B679-9D81-4D9F-B788-C9E405E780C7}.Windows8|Mixed Platforms.Build.0 = Debug|x86
		{B7B8B679-9D81-4D9F-B788-C9E405E780C7}.Windows8|Windows Phone.ActiveCfg = Debug|x86
		{B7B8B679-9D81-4D9F-B788-C9E405E780C7}.Windows8|Windows Phone.Build.0 = Debug|x86
		{B7B8B679-9D81-4D9F-B788-C9E405E780C7}.Windows8|x86.ActiveCfg = Debug|x86
		{B7B8B679-9D81-4D9F-B788-C9E405E780C7}.Windows8|x86.Build.0 = Debug|x86
		{58DB4CDD-472D-48A7-B3BE-358BA4B98C5A}.Android|Any CPU.ActiveCfg = Release|Any CPU
		{58DB4CDD-472D-48A7-B3BE-358BA4B98C5A}.Android|Any CPU.Build.0 = Release|Any CPU
		{58DB4CDD-472D-48A7-B3BE-358BA4B98C5A}.Android|Any CPU.Deploy.0 = Release|Any CPU
		{58DB4CDD-472D-48A7-B3BE-358BA4B98C5A}.Android|ARM.ActiveCfg = Debug|ARM
		{58DB4CDD-472D-48A7-B3BE-358BA4B98C5A}.Android|ARM.Build.0 = Debug|ARM
		{58DB4CDD-472D-48A7-B3BE-358BA4B98C5A}.Android|ARM.Deploy.0 = Debug|ARM
		{58DB4CDD-472D-48A7-B3BE-358BA4B98C5A}.Android|Mixed Platforms.ActiveCfg = Release|x86
		{58DB4CDD-472D-48A7-B3BE-358BA4B98C5A}.Android|Mixed Platforms.Build.0 = Release|x86
		{58DB4CDD-472D-48A7-B3BE-358BA4B98C5A}.Android|Mixed Platforms.Deploy.0 = Release|x86
		{58DB4CDD-472D-48A7-B3BE-358BA4B98C5A}.Android|Windows Phone.ActiveCfg = Debug|Any CPU
		{58DB4CDD-472D-48A7-B3BE-358BA4B98C5A}.Android|x86.ActiveCfg = Debug|x86
		{58DB4CDD-472D-48A7-B3BE-358BA4B98C5A}.Android|x86.Build.0 = Debug|x86
		{58DB4CDD-472D-48A7-B3BE-358BA4B98C5A}.Android|x86.Deploy.0 = Debug|x86
		{58DB4CDD-472D-48A7-B3BE-358BA4B98C5A}.Debug|Any CPU.ActiveCfg = Debug|Any CPU
		{58DB4CDD-472D-48A7-B3BE-358BA4B98C5A}.Debug|Any CPU.Build.0 = Debug|Any CPU
		{58DB4CDD-472D-48A7-B3BE-358BA4B98C5A}.Debug|Any CPU.Deploy.0 = Debug|Any CPU
		{58DB4CDD-472D-48A7-B3BE-358BA4B98C5A}.Debug|ARM.ActiveCfg = Debug|ARM
		{58DB4CDD-472D-48A7-B3BE-358BA4B98C5A}.Debug|ARM.Build.0 = Debug|ARM
		{58DB4CDD-472D-48A7-B3BE-358BA4B98C5A}.Debug|ARM.Deploy.0 = Debug|ARM
		{58DB4CDD-472D-48A7-B3BE-358BA4B98C5A}.Debug|Mixed Platforms.ActiveCfg = Debug|Any CPU
		{58DB4CDD-472D-48A7-B3BE-358BA4B98C5A}.Debug|Mixed Platforms.Build.0 = Debug|Any CPU
		{58DB4CDD-472D-48A7-B3BE-358BA4B98C5A}.Debug|Mixed Platforms.Deploy.0 = Debug|Any CPU
		{58DB4CDD-472D-48A7-B3BE-358BA4B98C5A}.Debug|Windows Phone.ActiveCfg = Debug|Any CPU
		{58DB4CDD-472D-48A7-B3BE-358BA4B98C5A}.Debug|x86.ActiveCfg = Debug|x86
		{58DB4CDD-472D-48A7-B3BE-358BA4B98C5A}.iOS|Any CPU.ActiveCfg = Release|Any CPU
		{58DB4CDD-472D-48A7-B3BE-358BA4B98C5A}.iOS|Any CPU.Build.0 = Release|Any CPU
		{58DB4CDD-472D-48A7-B3BE-358BA4B98C5A}.iOS|Any CPU.Deploy.0 = Release|Any CPU
		{58DB4CDD-472D-48A7-B3BE-358BA4B98C5A}.iOS|ARM.ActiveCfg = Debug|ARM
		{58DB4CDD-472D-48A7-B3BE-358BA4B98C5A}.iOS|ARM.Build.0 = Debug|ARM
		{58DB4CDD-472D-48A7-B3BE-358BA4B98C5A}.iOS|ARM.Deploy.0 = Debug|ARM
		{58DB4CDD-472D-48A7-B3BE-358BA4B98C5A}.iOS|Mixed Platforms.ActiveCfg = Release|x86
		{58DB4CDD-472D-48A7-B3BE-358BA4B98C5A}.iOS|Mixed Platforms.Build.0 = Release|x86
		{58DB4CDD-472D-48A7-B3BE-358BA4B98C5A}.iOS|Mixed Platforms.Deploy.0 = Release|x86
		{58DB4CDD-472D-48A7-B3BE-358BA4B98C5A}.iOS|Windows Phone.ActiveCfg = Debug|Any CPU
		{58DB4CDD-472D-48A7-B3BE-358BA4B98C5A}.iOS|x86.ActiveCfg = Debug|x86
		{58DB4CDD-472D-48A7-B3BE-358BA4B98C5A}.iOS|x86.Build.0 = Debug|x86
		{58DB4CDD-472D-48A7-B3BE-358BA4B98C5A}.iOS|x86.Deploy.0 = Debug|x86
		{58DB4CDD-472D-48A7-B3BE-358BA4B98C5A}.Linux|Any CPU.ActiveCfg = Release|Any CPU
		{58DB4CDD-472D-48A7-B3BE-358BA4B98C5A}.Linux|Any CPU.Build.0 = Release|Any CPU
		{58DB4CDD-472D-48A7-B3BE-358BA4B98C5A}.Linux|Any CPU.Deploy.0 = Release|Any CPU
		{58DB4CDD-472D-48A7-B3BE-358BA4B98C5A}.Linux|ARM.ActiveCfg = Debug|ARM
		{58DB4CDD-472D-48A7-B3BE-358BA4B98C5A}.Linux|ARM.Build.0 = Debug|ARM
		{58DB4CDD-472D-48A7-B3BE-358BA4B98C5A}.Linux|ARM.Deploy.0 = Debug|ARM
		{58DB4CDD-472D-48A7-B3BE-358BA4B98C5A}.Linux|Mixed Platforms.ActiveCfg = Release|x86
		{58DB4CDD-472D-48A7-B3BE-358BA4B98C5A}.Linux|Mixed Platforms.Build.0 = Release|x86
		{58DB4CDD-472D-48A7-B3BE-358BA4B98C5A}.Linux|Mixed Platforms.Deploy.0 = Release|x86
		{58DB4CDD-472D-48A7-B3BE-358BA4B98C5A}.Linux|Windows Phone.ActiveCfg = Debug|Any CPU
		{58DB4CDD-472D-48A7-B3BE-358BA4B98C5A}.Linux|x86.ActiveCfg = Debug|x86
		{58DB4CDD-472D-48A7-B3BE-358BA4B98C5A}.Linux|x86.Build.0 = Debug|x86
		{58DB4CDD-472D-48A7-B3BE-358BA4B98C5A}.Linux|x86.Deploy.0 = Debug|x86
		{58DB4CDD-472D-48A7-B3BE-358BA4B98C5A}.OSX|Any CPU.ActiveCfg = Release|Any CPU
		{58DB4CDD-472D-48A7-B3BE-358BA4B98C5A}.OSX|Any CPU.Build.0 = Release|Any CPU
		{58DB4CDD-472D-48A7-B3BE-358BA4B98C5A}.OSX|Any CPU.Deploy.0 = Release|Any CPU
		{58DB4CDD-472D-48A7-B3BE-358BA4B98C5A}.OSX|ARM.ActiveCfg = Debug|ARM
		{58DB4CDD-472D-48A7-B3BE-358BA4B98C5A}.OSX|ARM.Build.0 = Debug|ARM
		{58DB4CDD-472D-48A7-B3BE-358BA4B98C5A}.OSX|ARM.Deploy.0 = Debug|ARM
		{58DB4CDD-472D-48A7-B3BE-358BA4B98C5A}.OSX|Mixed Platforms.ActiveCfg = Release|x86
		{58DB4CDD-472D-48A7-B3BE-358BA4B98C5A}.OSX|Mixed Platforms.Build.0 = Release|x86
		{58DB4CDD-472D-48A7-B3BE-358BA4B98C5A}.OSX|Mixed Platforms.Deploy.0 = Release|x86
		{58DB4CDD-472D-48A7-B3BE-358BA4B98C5A}.OSX|Windows Phone.ActiveCfg = Debug|Any CPU
		{58DB4CDD-472D-48A7-B3BE-358BA4B98C5A}.OSX|x86.ActiveCfg = Debug|x86
		{58DB4CDD-472D-48A7-B3BE-358BA4B98C5A}.OSX|x86.Build.0 = Debug|x86
		{58DB4CDD-472D-48A7-B3BE-358BA4B98C5A}.OSX|x86.Deploy.0 = Debug|x86
		{58DB4CDD-472D-48A7-B3BE-358BA4B98C5A}.PSM|Any CPU.ActiveCfg = Release|Any CPU
		{58DB4CDD-472D-48A7-B3BE-358BA4B98C5A}.PSM|Any CPU.Build.0 = Release|Any CPU
		{58DB4CDD-472D-48A7-B3BE-358BA4B98C5A}.PSM|Any CPU.Deploy.0 = Release|Any CPU
		{58DB4CDD-472D-48A7-B3BE-358BA4B98C5A}.PSM|ARM.ActiveCfg = Debug|ARM
		{58DB4CDD-472D-48A7-B3BE-358BA4B98C5A}.PSM|ARM.Build.0 = Debug|ARM
		{58DB4CDD-472D-48A7-B3BE-358BA4B98C5A}.PSM|ARM.Deploy.0 = Debug|ARM
		{58DB4CDD-472D-48A7-B3BE-358BA4B98C5A}.PSM|Mixed Platforms.ActiveCfg = Release|x86
		{58DB4CDD-472D-48A7-B3BE-358BA4B98C5A}.PSM|Mixed Platforms.Build.0 = Release|x86
		{58DB4CDD-472D-48A7-B3BE-358BA4B98C5A}.PSM|Mixed Platforms.Deploy.0 = Release|x86
		{58DB4CDD-472D-48A7-B3BE-358BA4B98C5A}.PSM|Windows Phone.ActiveCfg = Debug|Any CPU
		{58DB4CDD-472D-48A7-B3BE-358BA4B98C5A}.PSM|x86.ActiveCfg = Debug|x86
		{58DB4CDD-472D-48A7-B3BE-358BA4B98C5A}.PSM|x86.Build.0 = Debug|x86
		{58DB4CDD-472D-48A7-B3BE-358BA4B98C5A}.PSM|x86.Deploy.0 = Debug|x86
		{58DB4CDD-472D-48A7-B3BE-358BA4B98C5A}.Release|Any CPU.ActiveCfg = Release|Any CPU
		{58DB4CDD-472D-48A7-B3BE-358BA4B98C5A}.Release|Any CPU.Build.0 = Release|Any CPU
		{58DB4CDD-472D-48A7-B3BE-358BA4B98C5A}.Release|Any CPU.Deploy.0 = Release|Any CPU
		{58DB4CDD-472D-48A7-B3BE-358BA4B98C5A}.Release|ARM.ActiveCfg = Release|ARM
		{58DB4CDD-472D-48A7-B3BE-358BA4B98C5A}.Release|ARM.Build.0 = Release|ARM
		{58DB4CDD-472D-48A7-B3BE-358BA4B98C5A}.Release|ARM.Deploy.0 = Release|ARM
		{58DB4CDD-472D-48A7-B3BE-358BA4B98C5A}.Release|Mixed Platforms.ActiveCfg = Release|Any CPU
		{58DB4CDD-472D-48A7-B3BE-358BA4B98C5A}.Release|Mixed Platforms.Build.0 = Release|Any CPU
		{58DB4CDD-472D-48A7-B3BE-358BA4B98C5A}.Release|Mixed Platforms.Deploy.0 = Release|Any CPU
		{58DB4CDD-472D-48A7-B3BE-358BA4B98C5A}.Release|Windows Phone.ActiveCfg = Release|Any CPU
		{58DB4CDD-472D-48A7-B3BE-358BA4B98C5A}.Release|x86.ActiveCfg = Release|x86
		{58DB4CDD-472D-48A7-B3BE-358BA4B98C5A}.Windows|Any CPU.ActiveCfg = Release|Any CPU
		{58DB4CDD-472D-48A7-B3BE-358BA4B98C5A}.Windows|Any CPU.Build.0 = Release|Any CPU
		{58DB4CDD-472D-48A7-B3BE-358BA4B98C5A}.Windows|Any CPU.Deploy.0 = Release|Any CPU
		{58DB4CDD-472D-48A7-B3BE-358BA4B98C5A}.Windows|ARM.ActiveCfg = Debug|ARM
		{58DB4CDD-472D-48A7-B3BE-358BA4B98C5A}.Windows|ARM.Build.0 = Debug|ARM
		{58DB4CDD-472D-48A7-B3BE-358BA4B98C5A}.Windows|ARM.Deploy.0 = Debug|ARM
		{58DB4CDD-472D-48A7-B3BE-358BA4B98C5A}.Windows|Mixed Platforms.ActiveCfg = Release|x86
		{58DB4CDD-472D-48A7-B3BE-358BA4B98C5A}.Windows|Mixed Platforms.Build.0 = Release|x86
		{58DB4CDD-472D-48A7-B3BE-358BA4B98C5A}.Windows|Mixed Platforms.Deploy.0 = Release|x86
		{58DB4CDD-472D-48A7-B3BE-358BA4B98C5A}.Windows|Windows Phone.ActiveCfg = Debug|Any CPU
		{58DB4CDD-472D-48A7-B3BE-358BA4B98C5A}.Windows|x86.ActiveCfg = Debug|x86
		{58DB4CDD-472D-48A7-B3BE-358BA4B98C5A}.Windows|x86.Build.0 = Debug|x86
		{58DB4CDD-472D-48A7-B3BE-358BA4B98C5A}.Windows|x86.Deploy.0 = Debug|x86
		{58DB4CDD-472D-48A7-B3BE-358BA4B98C5A}.Windows8|Any CPU.ActiveCfg = Release|Any CPU
		{58DB4CDD-472D-48A7-B3BE-358BA4B98C5A}.Windows8|Any CPU.Build.0 = Release|Any CPU
		{58DB4CDD-472D-48A7-B3BE-358BA4B98C5A}.Windows8|Any CPU.Deploy.0 = Release|Any CPU
		{58DB4CDD-472D-48A7-B3BE-358BA4B98C5A}.Windows8|ARM.ActiveCfg = Debug|ARM
		{58DB4CDD-472D-48A7-B3BE-358BA4B98C5A}.Windows8|ARM.Build.0 = Debug|ARM
		{58DB4CDD-472D-48A7-B3BE-358BA4B98C5A}.Windows8|ARM.Deploy.0 = Debug|ARM
		{58DB4CDD-472D-48A7-B3BE-358BA4B98C5A}.Windows8|Mixed Platforms.ActiveCfg = Release|x86
		{58DB4CDD-472D-48A7-B3BE-358BA4B98C5A}.Windows8|Mixed Platforms.Build.0 = Release|x86
		{58DB4CDD-472D-48A7-B3BE-358BA4B98C5A}.Windows8|Mixed Platforms.Deploy.0 = Release|x86
		{58DB4CDD-472D-48A7-B3BE-358BA4B98C5A}.Windows8|Windows Phone.ActiveCfg = Debug|Any CPU
		{58DB4CDD-472D-48A7-B3BE-358BA4B98C5A}.Windows8|x86.ActiveCfg = Debug|x86
		{58DB4CDD-472D-48A7-B3BE-358BA4B98C5A}.Windows8|x86.Build.0 = Debug|x86
		{58DB4CDD-472D-48A7-B3BE-358BA4B98C5A}.Windows8|x86.Deploy.0 = Debug|x86
		{F260C93D-CE85-4EC0-AB3D-8E18F59BDA8F}.Android|Any CPU.ActiveCfg = Release|Any CPU
		{F260C93D-CE85-4EC0-AB3D-8E18F59BDA8F}.Android|Any CPU.Build.0 = Release|Any CPU
		{F260C93D-CE85-4EC0-AB3D-8E18F59BDA8F}.Android|ARM.ActiveCfg = Debug|ARM
		{F260C93D-CE85-4EC0-AB3D-8E18F59BDA8F}.Android|ARM.Build.0 = Debug|ARM
		{F260C93D-CE85-4EC0-AB3D-8E18F59BDA8F}.Android|Mixed Platforms.ActiveCfg = Release|x86
		{F260C93D-CE85-4EC0-AB3D-8E18F59BDA8F}.Android|Mixed Platforms.Build.0 = Release|x86
		{F260C93D-CE85-4EC0-AB3D-8E18F59BDA8F}.Android|Windows Phone.ActiveCfg = Debug|Any CPU
		{F260C93D-CE85-4EC0-AB3D-8E18F59BDA8F}.Android|x86.ActiveCfg = Debug|x86
		{F260C93D-CE85-4EC0-AB3D-8E18F59BDA8F}.Android|x86.Build.0 = Debug|x86
		{F260C93D-CE85-4EC0-AB3D-8E18F59BDA8F}.Debug|Any CPU.ActiveCfg = Debug|Any CPU
		{F260C93D-CE85-4EC0-AB3D-8E18F59BDA8F}.Debug|Any CPU.Build.0 = Debug|Any CPU
		{F260C93D-CE85-4EC0-AB3D-8E18F59BDA8F}.Debug|ARM.ActiveCfg = Debug|ARM
		{F260C93D-CE85-4EC0-AB3D-8E18F59BDA8F}.Debug|ARM.Build.0 = Debug|ARM
		{F260C93D-CE85-4EC0-AB3D-8E18F59BDA8F}.Debug|Mixed Platforms.ActiveCfg = Debug|Any CPU
		{F260C93D-CE85-4EC0-AB3D-8E18F59BDA8F}.Debug|Mixed Platforms.Build.0 = Debug|Any CPU
		{F260C93D-CE85-4EC0-AB3D-8E18F59BDA8F}.Debug|Windows Phone.ActiveCfg = Debug|Any CPU
		{F260C93D-CE85-4EC0-AB3D-8E18F59BDA8F}.Debug|x86.ActiveCfg = Debug|x86
		{F260C93D-CE85-4EC0-AB3D-8E18F59BDA8F}.iOS|Any CPU.ActiveCfg = Release|Any CPU
		{F260C93D-CE85-4EC0-AB3D-8E18F59BDA8F}.iOS|Any CPU.Build.0 = Release|Any CPU
		{F260C93D-CE85-4EC0-AB3D-8E18F59BDA8F}.iOS|ARM.ActiveCfg = Debug|ARM
		{F260C93D-CE85-4EC0-AB3D-8E18F59BDA8F}.iOS|ARM.Build.0 = Debug|ARM
		{F260C93D-CE85-4EC0-AB3D-8E18F59BDA8F}.iOS|Mixed Platforms.ActiveCfg = Release|x86
		{F260C93D-CE85-4EC0-AB3D-8E18F59BDA8F}.iOS|Mixed Platforms.Build.0 = Release|x86
		{F260C93D-CE85-4EC0-AB3D-8E18F59BDA8F}.iOS|Windows Phone.ActiveCfg = Debug|Any CPU
		{F260C93D-CE85-4EC0-AB3D-8E18F59BDA8F}.iOS|x86.ActiveCfg = Debug|x86
		{F260C93D-CE85-4EC0-AB3D-8E18F59BDA8F}.iOS|x86.Build.0 = Debug|x86
		{F260C93D-CE85-4EC0-AB3D-8E18F59BDA8F}.Linux|Any CPU.ActiveCfg = Release|Any CPU
		{F260C93D-CE85-4EC0-AB3D-8E18F59BDA8F}.Linux|Any CPU.Build.0 = Release|Any CPU
		{F260C93D-CE85-4EC0-AB3D-8E18F59BDA8F}.Linux|ARM.ActiveCfg = Debug|ARM
		{F260C93D-CE85-4EC0-AB3D-8E18F59BDA8F}.Linux|ARM.Build.0 = Debug|ARM
		{F260C93D-CE85-4EC0-AB3D-8E18F59BDA8F}.Linux|Mixed Platforms.ActiveCfg = Release|x86
		{F260C93D-CE85-4EC0-AB3D-8E18F59BDA8F}.Linux|Mixed Platforms.Build.0 = Release|x86
		{F260C93D-CE85-4EC0-AB3D-8E18F59BDA8F}.Linux|Windows Phone.ActiveCfg = Debug|Any CPU
		{F260C93D-CE85-4EC0-AB3D-8E18F59BDA8F}.Linux|x86.ActiveCfg = Debug|x86
		{F260C93D-CE85-4EC0-AB3D-8E18F59BDA8F}.Linux|x86.Build.0 = Debug|x86
		{F260C93D-CE85-4EC0-AB3D-8E18F59BDA8F}.OSX|Any CPU.ActiveCfg = Release|Any CPU
		{F260C93D-CE85-4EC0-AB3D-8E18F59BDA8F}.OSX|Any CPU.Build.0 = Release|Any CPU
		{F260C93D-CE85-4EC0-AB3D-8E18F59BDA8F}.OSX|ARM.ActiveCfg = Debug|ARM
		{F260C93D-CE85-4EC0-AB3D-8E18F59BDA8F}.OSX|ARM.Build.0 = Debug|ARM
		{F260C93D-CE85-4EC0-AB3D-8E18F59BDA8F}.OSX|Mixed Platforms.ActiveCfg = Release|x86
		{F260C93D-CE85-4EC0-AB3D-8E18F59BDA8F}.OSX|Mixed Platforms.Build.0 = Release|x86
		{F260C93D-CE85-4EC0-AB3D-8E18F59BDA8F}.OSX|Windows Phone.ActiveCfg = Debug|Any CPU
		{F260C93D-CE85-4EC0-AB3D-8E18F59BDA8F}.OSX|x86.ActiveCfg = Debug|x86
		{F260C93D-CE85-4EC0-AB3D-8E18F59BDA8F}.OSX|x86.Build.0 = Debug|x86
		{F260C93D-CE85-4EC0-AB3D-8E18F59BDA8F}.PSM|Any CPU.ActiveCfg = Release|Any CPU
		{F260C93D-CE85-4EC0-AB3D-8E18F59BDA8F}.PSM|Any CPU.Build.0 = Release|Any CPU
		{F260C93D-CE85-4EC0-AB3D-8E18F59BDA8F}.PSM|ARM.ActiveCfg = Debug|ARM
		{F260C93D-CE85-4EC0-AB3D-8E18F59BDA8F}.PSM|ARM.Build.0 = Debug|ARM
		{F260C93D-CE85-4EC0-AB3D-8E18F59BDA8F}.PSM|Mixed Platforms.ActiveCfg = Release|x86
		{F260C93D-CE85-4EC0-AB3D-8E18F59BDA8F}.PSM|Mixed Platforms.Build.0 = Release|x86
		{F260C93D-CE85-4EC0-AB3D-8E18F59BDA8F}.PSM|Windows Phone.ActiveCfg = Debug|Any CPU
		{F260C93D-CE85-4EC0-AB3D-8E18F59BDA8F}.PSM|x86.ActiveCfg = Debug|x86
		{F260C93D-CE85-4EC0-AB3D-8E18F59BDA8F}.PSM|x86.Build.0 = Debug|x86
		{F260C93D-CE85-4EC0-AB3D-8E18F59BDA8F}.Release|Any CPU.ActiveCfg = Release|Any CPU
		{F260C93D-CE85-4EC0-AB3D-8E18F59BDA8F}.Release|Any CPU.Build.0 = Release|Any CPU
		{F260C93D-CE85-4EC0-AB3D-8E18F59BDA8F}.Release|ARM.ActiveCfg = Release|ARM
		{F260C93D-CE85-4EC0-AB3D-8E18F59BDA8F}.Release|ARM.Build.0 = Release|ARM
		{F260C93D-CE85-4EC0-AB3D-8E18F59BDA8F}.Release|Mixed Platforms.ActiveCfg = Release|Any CPU
		{F260C93D-CE85-4EC0-AB3D-8E18F59BDA8F}.Release|Mixed Platforms.Build.0 = Release|Any CPU
		{F260C93D-CE85-4EC0-AB3D-8E18F59BDA8F}.Release|Windows Phone.ActiveCfg = Release|Any CPU
		{F260C93D-CE85-4EC0-AB3D-8E18F59BDA8F}.Release|x86.ActiveCfg = Release|x86
		{F260C93D-CE85-4EC0-AB3D-8E18F59BDA8F}.Windows|Any CPU.ActiveCfg = Release|Any CPU
		{F260C93D-CE85-4EC0-AB3D-8E18F59BDA8F}.Windows|Any CPU.Build.0 = Release|Any CPU
		{F260C93D-CE85-4EC0-AB3D-8E18F59BDA8F}.Windows|ARM.ActiveCfg = Debug|ARM
		{F260C93D-CE85-4EC0-AB3D-8E18F59BDA8F}.Windows|ARM.Build.0 = Debug|ARM
		{F260C93D-CE85-4EC0-AB3D-8E18F59BDA8F}.Windows|Mixed Platforms.ActiveCfg = Release|x86
		{F260C93D-CE85-4EC0-AB3D-8E18F59BDA8F}.Windows|Mixed Platforms.Build.0 = Release|x86
		{F260C93D-CE85-4EC0-AB3D-8E18F59BDA8F}.Windows|Windows Phone.ActiveCfg = Debug|Any CPU
		{F260C93D-CE85-4EC0-AB3D-8E18F59BDA8F}.Windows|x86.ActiveCfg = Debug|x86
		{F260C93D-CE85-4EC0-AB3D-8E18F59BDA8F}.Windows|x86.Build.0 = Debug|x86
		{F260C93D-CE85-4EC0-AB3D-8E18F59BDA8F}.Windows8|Any CPU.ActiveCfg = Release|Any CPU
		{F260C93D-CE85-4EC0-AB3D-8E18F59BDA8F}.Windows8|Any CPU.Build.0 = Release|Any CPU
		{F260C93D-CE85-4EC0-AB3D-8E18F59BDA8F}.Windows8|ARM.ActiveCfg = Debug|ARM
		{F260C93D-CE85-4EC0-AB3D-8E18F59BDA8F}.Windows8|ARM.Build.0 = Debug|ARM
		{F260C93D-CE85-4EC0-AB3D-8E18F59BDA8F}.Windows8|Mixed Platforms.ActiveCfg = Release|x86
		{F260C93D-CE85-4EC0-AB3D-8E18F59BDA8F}.Windows8|Mixed Platforms.Build.0 = Release|x86
		{F260C93D-CE85-4EC0-AB3D-8E18F59BDA8F}.Windows8|Windows Phone.ActiveCfg = Debug|Any CPU
		{F260C93D-CE85-4EC0-AB3D-8E18F59BDA8F}.Windows8|x86.ActiveCfg = Debug|x86
		{F260C93D-CE85-4EC0-AB3D-8E18F59BDA8F}.Windows8|x86.Build.0 = Debug|x86
		{22C89AF2-E1CF-4976-91B9-7D33773DC6E7}.Android|Any CPU.ActiveCfg = Release|Any CPU
		{22C89AF2-E1CF-4976-91B9-7D33773DC6E7}.Android|Any CPU.Build.0 = Release|Any CPU
		{22C89AF2-E1CF-4976-91B9-7D33773DC6E7}.Android|ARM.ActiveCfg = Release|Any CPU
		{22C89AF2-E1CF-4976-91B9-7D33773DC6E7}.Android|Mixed Platforms.ActiveCfg = Release|Any CPU
		{22C89AF2-E1CF-4976-91B9-7D33773DC6E7}.Android|Mixed Platforms.Build.0 = Release|Any CPU
		{22C89AF2-E1CF-4976-91B9-7D33773DC6E7}.Android|Windows Phone.ActiveCfg = Release|Any CPU
		{22C89AF2-E1CF-4976-91B9-7D33773DC6E7}.Android|x86.ActiveCfg = Release|Any CPU
		{22C89AF2-E1CF-4976-91B9-7D33773DC6E7}.Debug|Any CPU.ActiveCfg = Debug|Any CPU
		{22C89AF2-E1CF-4976-91B9-7D33773DC6E7}.Debug|Any CPU.Build.0 = Debug|Any CPU
		{22C89AF2-E1CF-4976-91B9-7D33773DC6E7}.Debug|ARM.ActiveCfg = Debug|Any CPU
		{22C89AF2-E1CF-4976-91B9-7D33773DC6E7}.Debug|Mixed Platforms.ActiveCfg = Debug|Any CPU
		{22C89AF2-E1CF-4976-91B9-7D33773DC6E7}.Debug|Mixed Platforms.Build.0 = Debug|Any CPU
		{22C89AF2-E1CF-4976-91B9-7D33773DC6E7}.Debug|Windows Phone.ActiveCfg = Debug|Any CPU
		{22C89AF2-E1CF-4976-91B9-7D33773DC6E7}.Debug|x86.ActiveCfg = Debug|Any CPU
		{22C89AF2-E1CF-4976-91B9-7D33773DC6E7}.iOS|Any CPU.ActiveCfg = Release|Any CPU
		{22C89AF2-E1CF-4976-91B9-7D33773DC6E7}.iOS|Any CPU.Build.0 = Release|Any CPU
		{22C89AF2-E1CF-4976-91B9-7D33773DC6E7}.iOS|ARM.ActiveCfg = Release|Any CPU
		{22C89AF2-E1CF-4976-91B9-7D33773DC6E7}.iOS|Mixed Platforms.ActiveCfg = Release|Any CPU
		{22C89AF2-E1CF-4976-91B9-7D33773DC6E7}.iOS|Mixed Platforms.Build.0 = Release|Any CPU
		{22C89AF2-E1CF-4976-91B9-7D33773DC6E7}.iOS|Windows Phone.ActiveCfg = Release|Any CPU
		{22C89AF2-E1CF-4976-91B9-7D33773DC6E7}.iOS|x86.ActiveCfg = Release|Any CPU
		{22C89AF2-E1CF-4976-91B9-7D33773DC6E7}.Linux|Any CPU.ActiveCfg = Release|Any CPU
		{22C89AF2-E1CF-4976-91B9-7D33773DC6E7}.Linux|Any CPU.Build.0 = Release|Any CPU
		{22C89AF2-E1CF-4976-91B9-7D33773DC6E7}.Linux|ARM.ActiveCfg = Release|Any CPU
		{22C89AF2-E1CF-4976-91B9-7D33773DC6E7}.Linux|Mixed Platforms.ActiveCfg = Release|Any CPU
		{22C89AF2-E1CF-4976-91B9-7D33773DC6E7}.Linux|Mixed Platforms.Build.0 = Release|Any CPU
		{22C89AF2-E1CF-4976-91B9-7D33773DC6E7}.Linux|Windows Phone.ActiveCfg = Release|Any CPU
		{22C89AF2-E1CF-4976-91B9-7D33773DC6E7}.Linux|x86.ActiveCfg = Release|Any CPU
		{22C89AF2-E1CF-4976-91B9-7D33773DC6E7}.OSX|Any CPU.ActiveCfg = Release|Any CPU
		{22C89AF2-E1CF-4976-91B9-7D33773DC6E7}.OSX|Any CPU.Build.0 = Release|Any CPU
		{22C89AF2-E1CF-4976-91B9-7D33773DC6E7}.OSX|ARM.ActiveCfg = Release|Any CPU
		{22C89AF2-E1CF-4976-91B9-7D33773DC6E7}.OSX|Mixed Platforms.ActiveCfg = Release|Any CPU
		{22C89AF2-E1CF-4976-91B9-7D33773DC6E7}.OSX|Mixed Platforms.Build.0 = Release|Any CPU
		{22C89AF2-E1CF-4976-91B9-7D33773DC6E7}.OSX|Windows Phone.ActiveCfg = Release|Any CPU
		{22C89AF2-E1CF-4976-91B9-7D33773DC6E7}.OSX|x86.ActiveCfg = Release|Any CPU
		{22C89AF2-E1CF-4976-91B9-7D33773DC6E7}.PSM|Any CPU.ActiveCfg = Release|Any CPU
		{22C89AF2-E1CF-4976-91B9-7D33773DC6E7}.PSM|Any CPU.Build.0 = Release|Any CPU
		{22C89AF2-E1CF-4976-91B9-7D33773DC6E7}.PSM|ARM.ActiveCfg = Release|Any CPU
		{22C89AF2-E1CF-4976-91B9-7D33773DC6E7}.PSM|Mixed Platforms.ActiveCfg = Release|Any CPU
		{22C89AF2-E1CF-4976-91B9-7D33773DC6E7}.PSM|Mixed Platforms.Build.0 = Release|Any CPU
		{22C89AF2-E1CF-4976-91B9-7D33773DC6E7}.PSM|Windows Phone.ActiveCfg = Release|Any CPU
		{22C89AF2-E1CF-4976-91B9-7D33773DC6E7}.PSM|x86.ActiveCfg = Release|Any CPU
		{22C89AF2-E1CF-4976-91B9-7D33773DC6E7}.Release|Any CPU.ActiveCfg = Release|Any CPU
		{22C89AF2-E1CF-4976-91B9-7D33773DC6E7}.Release|Any CPU.Build.0 = Release|Any CPU
		{22C89AF2-E1CF-4976-91B9-7D33773DC6E7}.Release|ARM.ActiveCfg = Release|Any CPU
		{22C89AF2-E1CF-4976-91B9-7D33773DC6E7}.Release|Mixed Platforms.ActiveCfg = Release|Any CPU
		{22C89AF2-E1CF-4976-91B9-7D33773DC6E7}.Release|Mixed Platforms.Build.0 = Release|Any CPU
		{22C89AF2-E1CF-4976-91B9-7D33773DC6E7}.Release|Windows Phone.ActiveCfg = Release|Any CPU
		{22C89AF2-E1CF-4976-91B9-7D33773DC6E7}.Release|x86.ActiveCfg = Release|Any CPU
		{22C89AF2-E1CF-4976-91B9-7D33773DC6E7}.Windows|Any CPU.ActiveCfg = Release|Any CPU
		{22C89AF2-E1CF-4976-91B9-7D33773DC6E7}.Windows|Any CPU.Build.0 = Release|Any CPU
		{22C89AF2-E1CF-4976-91B9-7D33773DC6E7}.Windows|ARM.ActiveCfg = Release|Any CPU
		{22C89AF2-E1CF-4976-91B9-7D33773DC6E7}.Windows|Mixed Platforms.ActiveCfg = Release|Any CPU
		{22C89AF2-E1CF-4976-91B9-7D33773DC6E7}.Windows|Mixed Platforms.Build.0 = Release|Any CPU
		{22C89AF2-E1CF-4976-91B9-7D33773DC6E7}.Windows|Windows Phone.ActiveCfg = Release|Any CPU
		{22C89AF2-E1CF-4976-91B9-7D33773DC6E7}.Windows|x86.ActiveCfg = Release|Any CPU
		{22C89AF2-E1CF-4976-91B9-7D33773DC6E7}.Windows8|Any CPU.ActiveCfg = Release|Any CPU
		{22C89AF2-E1CF-4976-91B9-7D33773DC6E7}.Windows8|Any CPU.Build.0 = Release|Any CPU
		{22C89AF2-E1CF-4976-91B9-7D33773DC6E7}.Windows8|ARM.ActiveCfg = Release|Any CPU
		{22C89AF2-E1CF-4976-91B9-7D33773DC6E7}.Windows8|Mixed Platforms.ActiveCfg = Release|Any CPU
		{22C89AF2-E1CF-4976-91B9-7D33773DC6E7}.Windows8|Mixed Platforms.Build.0 = Release|Any CPU
		{22C89AF2-E1CF-4976-91B9-7D33773DC6E7}.Windows8|Windows Phone.ActiveCfg = Release|Any CPU
		{22C89AF2-E1CF-4976-91B9-7D33773DC6E7}.Windows8|x86.ActiveCfg = Release|Any CPU
		{462418AB-8B59-42C2-ADE4-956F94B31768}.Android|Any CPU.ActiveCfg = Release|Any CPU
		{462418AB-8B59-42C2-ADE4-956F94B31768}.Android|Any CPU.Build.0 = Release|Any CPU
		{462418AB-8B59-42C2-ADE4-956F94B31768}.Android|ARM.ActiveCfg = Release|Any CPU
		{462418AB-8B59-42C2-ADE4-956F94B31768}.Android|Mixed Platforms.ActiveCfg = Release|Any CPU
		{462418AB-8B59-42C2-ADE4-956F94B31768}.Android|Mixed Platforms.Build.0 = Release|Any CPU
		{462418AB-8B59-42C2-ADE4-956F94B31768}.Android|Windows Phone.ActiveCfg = Release|Any CPU
		{462418AB-8B59-42C2-ADE4-956F94B31768}.Android|x86.ActiveCfg = Release|Any CPU
		{462418AB-8B59-42C2-ADE4-956F94B31768}.Debug|Any CPU.ActiveCfg = Debug|Any CPU
		{462418AB-8B59-42C2-ADE4-956F94B31768}.Debug|Any CPU.Build.0 = Debug|Any CPU
		{462418AB-8B59-42C2-ADE4-956F94B31768}.Debug|ARM.ActiveCfg = Debug|ARM
		{462418AB-8B59-42C2-ADE4-956F94B31768}.Debug|ARM.Build.0 = Debug|ARM
		{462418AB-8B59-42C2-ADE4-956F94B31768}.Debug|Mixed Platforms.ActiveCfg = Debug|Any CPU
		{462418AB-8B59-42C2-ADE4-956F94B31768}.Debug|Mixed Platforms.Build.0 = Debug|Any CPU
		{462418AB-8B59-42C2-ADE4-956F94B31768}.Debug|Windows Phone.ActiveCfg = Debug|Any CPU
		{462418AB-8B59-42C2-ADE4-956F94B31768}.Debug|x86.ActiveCfg = Debug|Any CPU
		{462418AB-8B59-42C2-ADE4-956F94B31768}.iOS|Any CPU.ActiveCfg = Release|Any CPU
		{462418AB-8B59-42C2-ADE4-956F94B31768}.iOS|Any CPU.Build.0 = Release|Any CPU
		{462418AB-8B59-42C2-ADE4-956F94B31768}.iOS|ARM.ActiveCfg = Release|Any CPU
		{462418AB-8B59-42C2-ADE4-956F94B31768}.iOS|Mixed Platforms.ActiveCfg = Release|Any CPU
		{462418AB-8B59-42C2-ADE4-956F94B31768}.iOS|Mixed Platforms.Build.0 = Release|Any CPU
		{462418AB-8B59-42C2-ADE4-956F94B31768}.iOS|Windows Phone.ActiveCfg = Release|Any CPU
		{462418AB-8B59-42C2-ADE4-956F94B31768}.iOS|x86.ActiveCfg = Release|Any CPU
		{462418AB-8B59-42C2-ADE4-956F94B31768}.Linux|Any CPU.ActiveCfg = Release|Any CPU
		{462418AB-8B59-42C2-ADE4-956F94B31768}.Linux|Any CPU.Build.0 = Release|Any CPU
		{462418AB-8B59-42C2-ADE4-956F94B31768}.Linux|ARM.ActiveCfg = Release|Any CPU
		{462418AB-8B59-42C2-ADE4-956F94B31768}.Linux|Mixed Platforms.ActiveCfg = Release|Any CPU
		{462418AB-8B59-42C2-ADE4-956F94B31768}.Linux|Mixed Platforms.Build.0 = Release|Any CPU
		{462418AB-8B59-42C2-ADE4-956F94B31768}.Linux|Windows Phone.ActiveCfg = Release|Any CPU
		{462418AB-8B59-42C2-ADE4-956F94B31768}.Linux|x86.ActiveCfg = Release|Any CPU
		{462418AB-8B59-42C2-ADE4-956F94B31768}.OSX|Any CPU.ActiveCfg = Release|Any CPU
		{462418AB-8B59-42C2-ADE4-956F94B31768}.OSX|Any CPU.Build.0 = Release|Any CPU
		{462418AB-8B59-42C2-ADE4-956F94B31768}.OSX|ARM.ActiveCfg = Release|Any CPU
		{462418AB-8B59-42C2-ADE4-956F94B31768}.OSX|Mixed Platforms.ActiveCfg = Release|Any CPU
		{462418AB-8B59-42C2-ADE4-956F94B31768}.OSX|Mixed Platforms.Build.0 = Release|Any CPU
		{462418AB-8B59-42C2-ADE4-956F94B31768}.OSX|Windows Phone.ActiveCfg = Release|Any CPU
		{462418AB-8B59-42C2-ADE4-956F94B31768}.OSX|x86.ActiveCfg = Release|Any CPU
		{462418AB-8B59-42C2-ADE4-956F94B31768}.PSM|Any CPU.ActiveCfg = Release|Any CPU
		{462418AB-8B59-42C2-ADE4-956F94B31768}.PSM|Any CPU.Build.0 = Release|Any CPU
		{462418AB-8B59-42C2-ADE4-956F94B31768}.PSM|ARM.ActiveCfg = Release|Any CPU
		{462418AB-8B59-42C2-ADE4-956F94B31768}.PSM|Mixed Platforms.ActiveCfg = Release|Any CPU
		{462418AB-8B59-42C2-ADE4-956F94B31768}.PSM|Mixed Platforms.Build.0 = Release|Any CPU
		{462418AB-8B59-42C2-ADE4-956F94B31768}.PSM|Windows Phone.ActiveCfg = Release|Any CPU
		{462418AB-8B59-42C2-ADE4-956F94B31768}.PSM|x86.ActiveCfg = Release|Any CPU
		{462418AB-8B59-42C2-ADE4-956F94B31768}.Release|Any CPU.ActiveCfg = Release|Any CPU
		{462418AB-8B59-42C2-ADE4-956F94B31768}.Release|Any CPU.Build.0 = Release|Any CPU
		{462418AB-8B59-42C2-ADE4-956F94B31768}.Release|ARM.ActiveCfg = Release|ARM
		{462418AB-8B59-42C2-ADE4-956F94B31768}.Release|ARM.Build.0 = Release|ARM
		{462418AB-8B59-42C2-ADE4-956F94B31768}.Release|Mixed Platforms.ActiveCfg = Release|Any CPU
		{462418AB-8B59-42C2-ADE4-956F94B31768}.Release|Mixed Platforms.Build.0 = Release|Any CPU
		{462418AB-8B59-42C2-ADE4-956F94B31768}.Release|Windows Phone.ActiveCfg = Release|Any CPU
		{462418AB-8B59-42C2-ADE4-956F94B31768}.Release|x86.ActiveCfg = Release|Any CPU
		{462418AB-8B59-42C2-ADE4-956F94B31768}.Windows|Any CPU.ActiveCfg = Release|Any CPU
		{462418AB-8B59-42C2-ADE4-956F94B31768}.Windows|Any CPU.Build.0 = Release|Any CPU
		{462418AB-8B59-42C2-ADE4-956F94B31768}.Windows|ARM.ActiveCfg = Release|Any CPU
		{462418AB-8B59-42C2-ADE4-956F94B31768}.Windows|Mixed Platforms.ActiveCfg = Release|Any CPU
		{462418AB-8B59-42C2-ADE4-956F94B31768}.Windows|Mixed Platforms.Build.0 = Release|Any CPU
		{462418AB-8B59-42C2-ADE4-956F94B31768}.Windows|Windows Phone.ActiveCfg = Release|Any CPU
		{462418AB-8B59-42C2-ADE4-956F94B31768}.Windows|x86.ActiveCfg = Release|Any CPU
		{462418AB-8B59-42C2-ADE4-956F94B31768}.Windows8|Any CPU.ActiveCfg = Release|Any CPU
		{462418AB-8B59-42C2-ADE4-956F94B31768}.Windows8|Any CPU.Build.0 = Release|Any CPU
		{462418AB-8B59-42C2-ADE4-956F94B31768}.Windows8|ARM.ActiveCfg = Release|Any CPU
		{462418AB-8B59-42C2-ADE4-956F94B31768}.Windows8|Mixed Platforms.ActiveCfg = Release|Any CPU
		{462418AB-8B59-42C2-ADE4-956F94B31768}.Windows8|Mixed Platforms.Build.0 = Release|Any CPU
		{462418AB-8B59-42C2-ADE4-956F94B31768}.Windows8|Windows Phone.ActiveCfg = Release|Any CPU
		{462418AB-8B59-42C2-ADE4-956F94B31768}.Windows8|x86.ActiveCfg = Release|Any CPU
		{9FEEB631-277E-404E-B95D-49B1F4F0A2F3}.Android|Any CPU.ActiveCfg = Debug|Windows Phone
		{9FEEB631-277E-404E-B95D-49B1F4F0A2F3}.Android|ARM.ActiveCfg = Debug|Windows Phone
		{9FEEB631-277E-404E-B95D-49B1F4F0A2F3}.Android|Mixed Platforms.ActiveCfg = Debug|Windows Phone
		{9FEEB631-277E-404E-B95D-49B1F4F0A2F3}.Android|Mixed Platforms.Build.0 = Debug|Windows Phone
		{9FEEB631-277E-404E-B95D-49B1F4F0A2F3}.Android|Windows Phone.ActiveCfg = Debug|Windows Phone
		{9FEEB631-277E-404E-B95D-49B1F4F0A2F3}.Android|Windows Phone.Build.0 = Debug|Windows Phone
		{9FEEB631-277E-404E-B95D-49B1F4F0A2F3}.Android|x86.ActiveCfg = Debug|Windows Phone
		{9FEEB631-277E-404E-B95D-49B1F4F0A2F3}.Debug|Any CPU.ActiveCfg = Debug|Windows Phone
		{9FEEB631-277E-404E-B95D-49B1F4F0A2F3}.Debug|ARM.ActiveCfg = Debug|Windows Phone
		{9FEEB631-277E-404E-B95D-49B1F4F0A2F3}.Debug|ARM.Build.0 = Debug|Windows Phone
		{9FEEB631-277E-404E-B95D-49B1F4F0A2F3}.Debug|Mixed Platforms.ActiveCfg = Debug|Windows Phone
		{9FEEB631-277E-404E-B95D-49B1F4F0A2F3}.Debug|Mixed Platforms.Build.0 = Debug|Windows Phone
		{9FEEB631-277E-404E-B95D-49B1F4F0A2F3}.Debug|Windows Phone.ActiveCfg = Debug|Windows Phone
		{9FEEB631-277E-404E-B95D-49B1F4F0A2F3}.Debug|Windows Phone.Build.0 = Debug|Windows Phone
		{9FEEB631-277E-404E-B95D-49B1F4F0A2F3}.Debug|x86.ActiveCfg = Debug|Windows Phone
		{9FEEB631-277E-404E-B95D-49B1F4F0A2F3}.Debug|x86.Build.0 = Debug|Windows Phone
		{9FEEB631-277E-404E-B95D-49B1F4F0A2F3}.iOS|Any CPU.ActiveCfg = Debug|Windows Phone
		{9FEEB631-277E-404E-B95D-49B1F4F0A2F3}.iOS|ARM.ActiveCfg = Debug|Windows Phone
		{9FEEB631-277E-404E-B95D-49B1F4F0A2F3}.iOS|Mixed Platforms.ActiveCfg = Debug|Windows Phone
		{9FEEB631-277E-404E-B95D-49B1F4F0A2F3}.iOS|Mixed Platforms.Build.0 = Debug|Windows Phone
		{9FEEB631-277E-404E-B95D-49B1F4F0A2F3}.iOS|Windows Phone.ActiveCfg = Debug|Windows Phone
		{9FEEB631-277E-404E-B95D-49B1F4F0A2F3}.iOS|Windows Phone.Build.0 = Debug|Windows Phone
		{9FEEB631-277E-404E-B95D-49B1F4F0A2F3}.iOS|x86.ActiveCfg = Debug|Windows Phone
		{9FEEB631-277E-404E-B95D-49B1F4F0A2F3}.Linux|Any CPU.ActiveCfg = Debug|Windows Phone
		{9FEEB631-277E-404E-B95D-49B1F4F0A2F3}.Linux|ARM.ActiveCfg = Debug|Windows Phone
		{9FEEB631-277E-404E-B95D-49B1F4F0A2F3}.Linux|Mixed Platforms.ActiveCfg = Debug|Windows Phone
		{9FEEB631-277E-404E-B95D-49B1F4F0A2F3}.Linux|Mixed Platforms.Build.0 = Debug|Windows Phone
		{9FEEB631-277E-404E-B95D-49B1F4F0A2F3}.Linux|Windows Phone.ActiveCfg = Debug|Windows Phone
		{9FEEB631-277E-404E-B95D-49B1F4F0A2F3}.Linux|Windows Phone.Build.0 = Debug|Windows Phone
		{9FEEB631-277E-404E-B95D-49B1F4F0A2F3}.Linux|x86.ActiveCfg = Debug|Windows Phone
		{9FEEB631-277E-404E-B95D-49B1F4F0A2F3}.OSX|Any CPU.ActiveCfg = Debug|Windows Phone
		{9FEEB631-277E-404E-B95D-49B1F4F0A2F3}.OSX|ARM.ActiveCfg = Debug|Windows Phone
		{9FEEB631-277E-404E-B95D-49B1F4F0A2F3}.OSX|Mixed Platforms.ActiveCfg = Debug|Windows Phone
		{9FEEB631-277E-404E-B95D-49B1F4F0A2F3}.OSX|Mixed Platforms.Build.0 = Debug|Windows Phone
		{9FEEB631-277E-404E-B95D-49B1F4F0A2F3}.OSX|Windows Phone.ActiveCfg = Debug|Windows Phone
		{9FEEB631-277E-404E-B95D-49B1F4F0A2F3}.OSX|Windows Phone.Build.0 = Debug|Windows Phone
		{9FEEB631-277E-404E-B95D-49B1F4F0A2F3}.OSX|x86.ActiveCfg = Debug|Windows Phone
		{9FEEB631-277E-404E-B95D-49B1F4F0A2F3}.PSM|Any CPU.ActiveCfg = Debug|Windows Phone
		{9FEEB631-277E-404E-B95D-49B1F4F0A2F3}.PSM|ARM.ActiveCfg = Debug|Windows Phone
		{9FEEB631-277E-404E-B95D-49B1F4F0A2F3}.PSM|Mixed Platforms.ActiveCfg = Debug|Windows Phone
		{9FEEB631-277E-404E-B95D-49B1F4F0A2F3}.PSM|Mixed Platforms.Build.0 = Debug|Windows Phone
		{9FEEB631-277E-404E-B95D-49B1F4F0A2F3}.PSM|Windows Phone.ActiveCfg = Debug|Windows Phone
		{9FEEB631-277E-404E-B95D-49B1F4F0A2F3}.PSM|Windows Phone.Build.0 = Debug|Windows Phone
		{9FEEB631-277E-404E-B95D-49B1F4F0A2F3}.PSM|x86.ActiveCfg = Debug|Windows Phone
		{9FEEB631-277E-404E-B95D-49B1F4F0A2F3}.Release|Any CPU.ActiveCfg = Release|Windows Phone
		{9FEEB631-277E-404E-B95D-49B1F4F0A2F3}.Release|ARM.ActiveCfg = Release|Windows Phone
		{9FEEB631-277E-404E-B95D-49B1F4F0A2F3}.Release|ARM.Build.0 = Release|Windows Phone
		{9FEEB631-277E-404E-B95D-49B1F4F0A2F3}.Release|Mixed Platforms.ActiveCfg = Release|Windows Phone
		{9FEEB631-277E-404E-B95D-49B1F4F0A2F3}.Release|Mixed Platforms.Build.0 = Release|Windows Phone
		{9FEEB631-277E-404E-B95D-49B1F4F0A2F3}.Release|Windows Phone.ActiveCfg = Release|Windows Phone
		{9FEEB631-277E-404E-B95D-49B1F4F0A2F3}.Release|Windows Phone.Build.0 = Release|Windows Phone
		{9FEEB631-277E-404E-B95D-49B1F4F0A2F3}.Release|x86.ActiveCfg = Release|Windows Phone
		{9FEEB631-277E-404E-B95D-49B1F4F0A2F3}.Release|x86.Build.0 = Release|Windows Phone
		{9FEEB631-277E-404E-B95D-49B1F4F0A2F3}.Windows|Any CPU.ActiveCfg = Debug|Windows Phone
		{9FEEB631-277E-404E-B95D-49B1F4F0A2F3}.Windows|ARM.ActiveCfg = Debug|Windows Phone
		{9FEEB631-277E-404E-B95D-49B1F4F0A2F3}.Windows|Mixed Platforms.ActiveCfg = Debug|Windows Phone
		{9FEEB631-277E-404E-B95D-49B1F4F0A2F3}.Windows|Mixed Platforms.Build.0 = Debug|Windows Phone
		{9FEEB631-277E-404E-B95D-49B1F4F0A2F3}.Windows|Windows Phone.ActiveCfg = Debug|Windows Phone
		{9FEEB631-277E-404E-B95D-49B1F4F0A2F3}.Windows|Windows Phone.Build.0 = Debug|Windows Phone
		{9FEEB631-277E-404E-B95D-49B1F4F0A2F3}.Windows|x86.ActiveCfg = Debug|Windows Phone
		{9FEEB631-277E-404E-B95D-49B1F4F0A2F3}.Windows8|Any CPU.ActiveCfg = Debug|Windows Phone
		{9FEEB631-277E-404E-B95D-49B1F4F0A2F3}.Windows8|ARM.ActiveCfg = Debug|Windows Phone
		{9FEEB631-277E-404E-B95D-49B1F4F0A2F3}.Windows8|Mixed Platforms.ActiveCfg = Debug|Windows Phone
		{9FEEB631-277E-404E-B95D-49B1F4F0A2F3}.Windows8|Mixed Platforms.Build.0 = Debug|Windows Phone
		{9FEEB631-277E-404E-B95D-49B1F4F0A2F3}.Windows8|Windows Phone.ActiveCfg = Debug|Windows Phone
		{9FEEB631-277E-404E-B95D-49B1F4F0A2F3}.Windows8|Windows Phone.Build.0 = Debug|Windows Phone
		{9FEEB631-277E-404E-B95D-49B1F4F0A2F3}.Windows8|x86.ActiveCfg = Debug|Windows Phone
		{16CEBBBB-7621-44C7-8FFD-E6E7AC269474}.Android|Any CPU.ActiveCfg = Release|Windows Phone
		{16CEBBBB-7621-44C7-8FFD-E6E7AC269474}.Android|ARM.ActiveCfg = Release|Windows Phone
		{16CEBBBB-7621-44C7-8FFD-E6E7AC269474}.Android|Mixed Platforms.ActiveCfg = Release|Windows Phone
		{16CEBBBB-7621-44C7-8FFD-E6E7AC269474}.Android|Mixed Platforms.Build.0 = Release|Windows Phone
		{16CEBBBB-7621-44C7-8FFD-E6E7AC269474}.Android|Windows Phone.ActiveCfg = Release|Windows Phone
		{16CEBBBB-7621-44C7-8FFD-E6E7AC269474}.Android|Windows Phone.Build.0 = Release|Windows Phone
		{16CEBBBB-7621-44C7-8FFD-E6E7AC269474}.Android|x86.ActiveCfg = Release|Windows Phone
		{16CEBBBB-7621-44C7-8FFD-E6E7AC269474}.Debug|Any CPU.ActiveCfg = Debug|Windows Phone
		{16CEBBBB-7621-44C7-8FFD-E6E7AC269474}.Debug|ARM.ActiveCfg = Debug|Windows Phone
		{16CEBBBB-7621-44C7-8FFD-E6E7AC269474}.Debug|Mixed Platforms.ActiveCfg = Debug|Windows Phone
		{16CEBBBB-7621-44C7-8FFD-E6E7AC269474}.Debug|Mixed Platforms.Build.0 = Debug|Windows Phone
		{16CEBBBB-7621-44C7-8FFD-E6E7AC269474}.Debug|Windows Phone.ActiveCfg = Debug|Windows Phone
		{16CEBBBB-7621-44C7-8FFD-E6E7AC269474}.Debug|Windows Phone.Build.0 = Debug|Windows Phone
		{16CEBBBB-7621-44C7-8FFD-E6E7AC269474}.Debug|x86.ActiveCfg = Debug|Windows Phone
		{16CEBBBB-7621-44C7-8FFD-E6E7AC269474}.iOS|Any CPU.ActiveCfg = Release|Windows Phone
		{16CEBBBB-7621-44C7-8FFD-E6E7AC269474}.iOS|ARM.ActiveCfg = Release|Windows Phone
		{16CEBBBB-7621-44C7-8FFD-E6E7AC269474}.iOS|Mixed Platforms.ActiveCfg = Release|Windows Phone
		{16CEBBBB-7621-44C7-8FFD-E6E7AC269474}.iOS|Mixed Platforms.Build.0 = Release|Windows Phone
		{16CEBBBB-7621-44C7-8FFD-E6E7AC269474}.iOS|Windows Phone.ActiveCfg = Release|Windows Phone
		{16CEBBBB-7621-44C7-8FFD-E6E7AC269474}.iOS|Windows Phone.Build.0 = Release|Windows Phone
		{16CEBBBB-7621-44C7-8FFD-E6E7AC269474}.iOS|x86.ActiveCfg = Release|Windows Phone
		{16CEBBBB-7621-44C7-8FFD-E6E7AC269474}.Linux|Any CPU.ActiveCfg = Release|Windows Phone
		{16CEBBBB-7621-44C7-8FFD-E6E7AC269474}.Linux|ARM.ActiveCfg = Release|Windows Phone
		{16CEBBBB-7621-44C7-8FFD-E6E7AC269474}.Linux|Mixed Platforms.ActiveCfg = Release|Windows Phone
		{16CEBBBB-7621-44C7-8FFD-E6E7AC269474}.Linux|Mixed Platforms.Build.0 = Release|Windows Phone
		{16CEBBBB-7621-44C7-8FFD-E6E7AC269474}.Linux|Windows Phone.ActiveCfg = Release|Windows Phone
		{16CEBBBB-7621-44C7-8FFD-E6E7AC269474}.Linux|Windows Phone.Build.0 = Release|Windows Phone
		{16CEBBBB-7621-44C7-8FFD-E6E7AC269474}.Linux|x86.ActiveCfg = Release|Windows Phone
		{16CEBBBB-7621-44C7-8FFD-E6E7AC269474}.OSX|Any CPU.ActiveCfg = Release|Windows Phone
		{16CEBBBB-7621-44C7-8FFD-E6E7AC269474}.OSX|ARM.ActiveCfg = Release|Windows Phone
		{16CEBBBB-7621-44C7-8FFD-E6E7AC269474}.OSX|Mixed Platforms.ActiveCfg = Release|Windows Phone
		{16CEBBBB-7621-44C7-8FFD-E6E7AC269474}.OSX|Mixed Platforms.Build.0 = Release|Windows Phone
		{16CEBBBB-7621-44C7-8FFD-E6E7AC269474}.OSX|Windows Phone.ActiveCfg = Release|Windows Phone
		{16CEBBBB-7621-44C7-8FFD-E6E7AC269474}.OSX|Windows Phone.Build.0 = Release|Windows Phone
		{16CEBBBB-7621-44C7-8FFD-E6E7AC269474}.OSX|x86.ActiveCfg = Release|Windows Phone
		{16CEBBBB-7621-44C7-8FFD-E6E7AC269474}.PSM|Any CPU.ActiveCfg = Release|Windows Phone
		{16CEBBBB-7621-44C7-8FFD-E6E7AC269474}.PSM|ARM.ActiveCfg = Release|Windows Phone
		{16CEBBBB-7621-44C7-8FFD-E6E7AC269474}.PSM|Mixed Platforms.ActiveCfg = Release|Windows Phone
		{16CEBBBB-7621-44C7-8FFD-E6E7AC269474}.PSM|Mixed Platforms.Build.0 = Release|Windows Phone
		{16CEBBBB-7621-44C7-8FFD-E6E7AC269474}.PSM|Windows Phone.ActiveCfg = Release|Windows Phone
		{16CEBBBB-7621-44C7-8FFD-E6E7AC269474}.PSM|Windows Phone.Build.0 = Release|Windows Phone
		{16CEBBBB-7621-44C7-8FFD-E6E7AC269474}.PSM|x86.ActiveCfg = Release|Windows Phone
		{16CEBBBB-7621-44C7-8FFD-E6E7AC269474}.Release|Any CPU.ActiveCfg = Release|Windows Phone
		{16CEBBBB-7621-44C7-8FFD-E6E7AC269474}.Release|ARM.ActiveCfg = Release|Windows Phone
		{16CEBBBB-7621-44C7-8FFD-E6E7AC269474}.Release|Mixed Platforms.ActiveCfg = Release|Windows Phone
		{16CEBBBB-7621-44C7-8FFD-E6E7AC269474}.Release|Mixed Platforms.Build.0 = Release|Windows Phone
		{16CEBBBB-7621-44C7-8FFD-E6E7AC269474}.Release|Windows Phone.ActiveCfg = Release|Windows Phone
		{16CEBBBB-7621-44C7-8FFD-E6E7AC269474}.Release|Windows Phone.Build.0 = Release|Windows Phone
		{16CEBBBB-7621-44C7-8FFD-E6E7AC269474}.Release|x86.ActiveCfg = Release|Windows Phone
		{16CEBBBB-7621-44C7-8FFD-E6E7AC269474}.Windows|Any CPU.ActiveCfg = Release|Windows Phone
		{16CEBBBB-7621-44C7-8FFD-E6E7AC269474}.Windows|ARM.ActiveCfg = Release|Windows Phone
		{16CEBBBB-7621-44C7-8FFD-E6E7AC269474}.Windows|Mixed Platforms.ActiveCfg = Release|Windows Phone
		{16CEBBBB-7621-44C7-8FFD-E6E7AC269474}.Windows|Mixed Platforms.Build.0 = Release|Windows Phone
		{16CEBBBB-7621-44C7-8FFD-E6E7AC269474}.Windows|Windows Phone.ActiveCfg = Release|Windows Phone
		{16CEBBBB-7621-44C7-8FFD-E6E7AC269474}.Windows|Windows Phone.Build.0 = Release|Windows Phone
		{16CEBBBB-7621-44C7-8FFD-E6E7AC269474}.Windows|x86.ActiveCfg = Release|Windows Phone
		{16CEBBBB-7621-44C7-8FFD-E6E7AC269474}.Windows8|Any CPU.ActiveCfg = Release|Windows Phone
		{16CEBBBB-7621-44C7-8FFD-E6E7AC269474}.Windows8|ARM.ActiveCfg = Release|Windows Phone
		{16CEBBBB-7621-44C7-8FFD-E6E7AC269474}.Windows8|Mixed Platforms.ActiveCfg = Release|Windows Phone
		{16CEBBBB-7621-44C7-8FFD-E6E7AC269474}.Windows8|Mixed Platforms.Build.0 = Release|Windows Phone
		{16CEBBBB-7621-44C7-8FFD-E6E7AC269474}.Windows8|Windows Phone.ActiveCfg = Release|Windows Phone
		{16CEBBBB-7621-44C7-8FFD-E6E7AC269474}.Windows8|Windows Phone.Build.0 = Release|Windows Phone
		{16CEBBBB-7621-44C7-8FFD-E6E7AC269474}.Windows8|x86.ActiveCfg = Release|Windows Phone
		{52DEEC48-08C0-4EF7-92A4-1223AFB49E6F}.Android|Any CPU.ActiveCfg = Debug|Any CPU
		{52DEEC48-08C0-4EF7-92A4-1223AFB49E6F}.Android|ARM.ActiveCfg = Debug|Any CPU
		{52DEEC48-08C0-4EF7-92A4-1223AFB49E6F}.Android|Mixed Platforms.ActiveCfg = Debug|Any CPU
		{52DEEC48-08C0-4EF7-92A4-1223AFB49E6F}.Android|Windows Phone.ActiveCfg = Debug|Any CPU
		{52DEEC48-08C0-4EF7-92A4-1223AFB49E6F}.Android|x86.ActiveCfg = Debug|Any CPU
		{52DEEC48-08C0-4EF7-92A4-1223AFB49E6F}.Debug|Any CPU.ActiveCfg = Debug|Any CPU
		{52DEEC48-08C0-4EF7-92A4-1223AFB49E6F}.Debug|ARM.ActiveCfg = Debug|Any CPU
		{52DEEC48-08C0-4EF7-92A4-1223AFB49E6F}.Debug|Mixed Platforms.ActiveCfg = Debug|Any CPU
		{52DEEC48-08C0-4EF7-92A4-1223AFB49E6F}.Debug|Windows Phone.ActiveCfg = Debug|Any CPU
		{52DEEC48-08C0-4EF7-92A4-1223AFB49E6F}.Debug|x86.ActiveCfg = Debug|Any CPU
		{52DEEC48-08C0-4EF7-92A4-1223AFB49E6F}.iOS|Any CPU.ActiveCfg = Debug|Any CPU
		{52DEEC48-08C0-4EF7-92A4-1223AFB49E6F}.iOS|ARM.ActiveCfg = Debug|Any CPU
		{52DEEC48-08C0-4EF7-92A4-1223AFB49E6F}.iOS|Mixed Platforms.ActiveCfg = Debug|Any CPU
		{52DEEC48-08C0-4EF7-92A4-1223AFB49E6F}.iOS|Windows Phone.ActiveCfg = Debug|Any CPU
		{52DEEC48-08C0-4EF7-92A4-1223AFB49E6F}.iOS|x86.ActiveCfg = Debug|Any CPU
		{52DEEC48-08C0-4EF7-92A4-1223AFB49E6F}.Linux|Any CPU.ActiveCfg = Debug|Any CPU
		{52DEEC48-08C0-4EF7-92A4-1223AFB49E6F}.Linux|ARM.ActiveCfg = Debug|Any CPU
		{52DEEC48-08C0-4EF7-92A4-1223AFB49E6F}.Linux|Mixed Platforms.ActiveCfg = Debug|Any CPU
		{52DEEC48-08C0-4EF7-92A4-1223AFB49E6F}.Linux|Windows Phone.ActiveCfg = Debug|Any CPU
		{52DEEC48-08C0-4EF7-92A4-1223AFB49E6F}.Linux|x86.ActiveCfg = Debug|Any CPU
		{52DEEC48-08C0-4EF7-92A4-1223AFB49E6F}.OSX|Any CPU.ActiveCfg = Debug|Any CPU
		{52DEEC48-08C0-4EF7-92A4-1223AFB49E6F}.OSX|ARM.ActiveCfg = Debug|Any CPU
		{52DEEC48-08C0-4EF7-92A4-1223AFB49E6F}.OSX|Mixed Platforms.ActiveCfg = Debug|Any CPU
		{52DEEC48-08C0-4EF7-92A4-1223AFB49E6F}.OSX|Windows Phone.ActiveCfg = Debug|Any CPU
		{52DEEC48-08C0-4EF7-92A4-1223AFB49E6F}.OSX|x86.ActiveCfg = Debug|Any CPU
		{52DEEC48-08C0-4EF7-92A4-1223AFB49E6F}.PSM|Any CPU.ActiveCfg = Debug|Any CPU
		{52DEEC48-08C0-4EF7-92A4-1223AFB49E6F}.PSM|ARM.ActiveCfg = Debug|Any CPU
		{52DEEC48-08C0-4EF7-92A4-1223AFB49E6F}.PSM|Mixed Platforms.ActiveCfg = Debug|Any CPU
		{52DEEC48-08C0-4EF7-92A4-1223AFB49E6F}.PSM|Windows Phone.ActiveCfg = Debug|Any CPU
		{52DEEC48-08C0-4EF7-92A4-1223AFB49E6F}.PSM|x86.ActiveCfg = Debug|Any CPU
		{52DEEC48-08C0-4EF7-92A4-1223AFB49E6F}.Release|Any CPU.ActiveCfg = Debug|Any CPU
		{52DEEC48-08C0-4EF7-92A4-1223AFB49E6F}.Release|ARM.ActiveCfg = Debug|Any CPU
		{52DEEC48-08C0-4EF7-92A4-1223AFB49E6F}.Release|Mixed Platforms.ActiveCfg = Debug|Any CPU
		{52DEEC48-08C0-4EF7-92A4-1223AFB49E6F}.Release|Windows Phone.ActiveCfg = Debug|Any CPU
		{52DEEC48-08C0-4EF7-92A4-1223AFB49E6F}.Release|x86.ActiveCfg = Debug|Any CPU
		{52DEEC48-08C0-4EF7-92A4-1223AFB49E6F}.Windows|Any CPU.ActiveCfg = Debug|Any CPU
		{52DEEC48-08C0-4EF7-92A4-1223AFB49E6F}.Windows|ARM.ActiveCfg = Debug|Any CPU
		{52DEEC48-08C0-4EF7-92A4-1223AFB49E6F}.Windows|Mixed Platforms.ActiveCfg = Debug|Any CPU
		{52DEEC48-08C0-4EF7-92A4-1223AFB49E6F}.Windows|Windows Phone.ActiveCfg = Debug|Any CPU
		{52DEEC48-08C0-4EF7-92A4-1223AFB49E6F}.Windows|x86.ActiveCfg = Debug|Any CPU
		{52DEEC48-08C0-4EF7-92A4-1223AFB49E6F}.Windows8|Any CPU.ActiveCfg = Debug|Any CPU
		{52DEEC48-08C0-4EF7-92A4-1223AFB49E6F}.Windows8|ARM.ActiveCfg = Debug|Any CPU
		{52DEEC48-08C0-4EF7-92A4-1223AFB49E6F}.Windows8|Mixed Platforms.ActiveCfg = Debug|Any CPU
		{52DEEC48-08C0-4EF7-92A4-1223AFB49E6F}.Windows8|Windows Phone.ActiveCfg = Debug|Any CPU
		{52DEEC48-08C0-4EF7-92A4-1223AFB49E6F}.Windows8|x86.ActiveCfg = Debug|Any CPU
	EndGlobalSection
	GlobalSection(SolutionProperties) = preSolution
		HideSolutionNode = FALSE
	EndGlobalSection
EndGlobal
